// !$*UTF8*$!
{
	archiveVersion = 1;
	classes = {
	};
	objectVersion = 46;
	objects = {

/* Begin PBXBuildFile section */
		55511B491A40F49000D572A7 /* stream-test.c in Sources */ = {isa = PBXBuildFile; fileRef = 55511B481A40F49000D572A7 /* stream-test.c */; };
		55511B4D1A40F4CD00D572A7 /* stream-mtfcomp.c in Sources */ = {isa = PBXBuildFile; fileRef = 55511B4A1A40F4CD00D572A7 /* stream-mtfcomp.c */; };
		55511B4E1A40F4CD00D572A7 /* stream-packbitscomp.c in Sources */ = {isa = PBXBuildFile; fileRef = 55511B4B1A40F4CD00D572A7 /* stream-packbitscomp.c */; };
		55511B4F1A40F4CD00D572A7 /* stream-packbitsdecomp.c in Sources */ = {isa = PBXBuildFile; fileRef = 55511B4C1A40F4CD00D572A7 /* stream-packbitsdecomp.c */; };
		55513846165463EB007F3565 /* log2bpp.c in Sources */ = {isa = PBXBuildFile; fileRef = 5551377416545786007F3565 /* log2bpp.c */; };
		55513849165463EB007F3565 /* stream-mem.c in Sources */ = {isa = PBXBuildFile; fileRef = 5551377B16545786007F3565 /* stream-mem.c */; };
		5551384A165463EB007F3565 /* stream-stdio.c in Sources */ = {isa = PBXBuildFile; fileRef = 5551377C16545786007F3565 /* stream-stdio.c */; };
		5551384B165463EB007F3565 /* stream.c in Sources */ = {isa = PBXBuildFile; fileRef = 5551377D16545786007F3565 /* stream.c */; };
		55513862165463EB007F3565 /* grow.c in Sources */ = {isa = PBXBuildFile; fileRef = 5551379616545786007F3565 /* grow.c */; };
		55513863165463EB007F3565 /* shrink.c in Sources */ = {isa = PBXBuildFile; fileRef = 5551379716545786007F3565 /* shrink.c */; };
		55513865165463EB007F3565 /* pack.c in Sources */ = {isa = PBXBuildFile; fileRef = 5551379B16545786007F3565 /* pack.c */; };
		55513866165463EB007F3565 /* unpack.c in Sources */ = {isa = PBXBuildFile; fileRef = 5551379C16545786007F3565 /* unpack.c */; };
		555E85B61A840E4D00BBC66C /* bsearch-test.c in Sources */ = {isa = PBXBuildFile; fileRef = 555E85B41A840E4D00BBC66C /* bsearch-test.c */; };
		5563C4521BAACF3200CD1461 /* reset.c in Sources */ = {isa = PBXBuildFile; fileRef = 5563C4511BAACF3200CD1461 /* reset.c */; };
		556DE20B1A49983C009BBE63 /* ensure.c in Sources */ = {isa = PBXBuildFile; fileRef = 556DE20A1A49983C009BBE63 /* ensure.c */; };
		556DE20D1A49A1FB009BBE63 /* insert.c in Sources */ = {isa = PBXBuildFile; fileRef = 556DE20C1A49A1FB009BBE63 /* insert.c */; };
		55B22A231A4063000022ED84 /* barith.c in Sources */ = {isa = PBXBuildFile; fileRef = 55B22A221A4063000022ED84 /* barith.c */; };
		55CDA5881F49084C006FC753 /* bitfifo.c in Sources */ = {isa = PBXBuildFile; fileRef = 55CDA5871F49084C006FC753 /* bitfifo.c */; };
		55CDA58C1F49093A006FC753 /* bitfifo-test.c in Sources */ = {isa = PBXBuildFile; fileRef = 55CDA58B1F49093A006FC753 /* bitfifo-test.c */; };
		55DC56221A5DB44E003A2985 /* main.c in Sources */ = {isa = PBXBuildFile; fileRef = 55DC56211A5DB44E003A2985 /* main.c */; };
		55DC56271A61C952003A2985 /* set.c in Sources */ = {isa = PBXBuildFile; fileRef = 55DC56261A61C951003A2985 /* set.c */; };
		55E055FC1CA49C3A0036BDDE /* composite.c in Sources */ = {isa = PBXBuildFile; fileRef = 55E055FB1CA49C3A0036BDDE /* composite.c */; };
		55E557F21A3362D1001FB51F /* bsearch-int.c in Sources */ = {isa = PBXBuildFile; fileRef = 55E557EE1A33628D001FB51F /* bsearch-int.c */; };
		55E557F31A3362D1001FB51F /* bsearch-short.c in Sources */ = {isa = PBXBuildFile; fileRef = 55E557EF1A33628D001FB51F /* bsearch-short.c */; };
		55E557F41A3362D1001FB51F /* bsearch-uint.c in Sources */ = {isa = PBXBuildFile; fileRef = 55E557F01A33628D001FB51F /* bsearch-uint.c */; };
		55E557F51A3362D1001FB51F /* bsearch-ushort.c in Sources */ = {isa = PBXBuildFile; fileRef = 55E557F11A33628D001FB51F /* bsearch-ushort.c */; };
		55E558011A337785001FB51F /* rev-l-block.c in Sources */ = {isa = PBXBuildFile; fileRef = 55E557F81A337785001FB51F /* rev-l-block.c */; };
		55E558021A337785001FB51F /* rev-l-m.c in Sources */ = {isa = PBXBuildFile; fileRef = 55E557F91A337785001FB51F /* rev-l-m.c */; };
		55E558031A337785001FB51F /* rev-l.c in Sources */ = {isa = PBXBuildFile; fileRef = 55E557FA1A337785001FB51F /* rev-l.c */; };
		55E558041A337785001FB51F /* rev-s-block.c in Sources */ = {isa = PBXBuildFile; fileRef = 55E557FB1A337785001FB51F /* rev-s-block.c */; };
		55E558051A337785001FB51F /* rev-s-m.c in Sources */ = {isa = PBXBuildFile; fileRef = 55E557FC1A337785001FB51F /* rev-s-m.c */; };
		55E558061A337785001FB51F /* rev-s-pair-m.c in Sources */ = {isa = PBXBuildFile; fileRef = 55E557FD1A337785001FB51F /* rev-s-pair-m.c */; };
		55E558071A337785001FB51F /* rev-s-pair.c in Sources */ = {isa = PBXBuildFile; fileRef = 55E557FE1A337785001FB51F /* rev-s-pair.c */; };
		55E558081A337785001FB51F /* rev-s.c in Sources */ = {isa = PBXBuildFile; fileRef = 55E557FF1A337785001FB51F /* rev-s.c */; };
		55E558111A338F83001FB51F /* smull-fxp16.c in Sources */ = {isa = PBXBuildFile; fileRef = 55E5580B1A338F6A001FB51F /* smull-fxp16.c */; };
		55E558121A338F87001FB51F /* umull-fxp16.c in Sources */ = {isa = PBXBuildFile; fileRef = 55E558101A338F6A001FB51F /* umull-fxp16.c */; };
		55E558171A3489BC001FB51F /* primes.c in Sources */ = {isa = PBXBuildFile; fileRef = 55E558161A3489A7001FB51F /* primes.c */; };
		55E5581C1A3492A8001FB51F /* degs-to-rads.c in Sources */ = {isa = PBXBuildFile; fileRef = 55E5581A1A34926A001FB51F /* degs-to-rads.c */; };
		55E5581D1A3492AB001FB51F /* gcd.c in Sources */ = {isa = PBXBuildFile; fileRef = 55E5581B1A34926A001FB51F /* gcd.c */; };
		55E558AE1A34F281001FB51F /* delelem.c in Sources */ = {isa = PBXBuildFile; fileRef = 55E558381A34F276001FB51F /* delelem.c */; };
		55E558AF1A34F281001FB51F /* delelems.c in Sources */ = {isa = PBXBuildFile; fileRef = 55E558391A34F276001FB51F /* delelems.c */; };
		55E558B21A34F281001FB51F /* squeeze.c in Sources */ = {isa = PBXBuildFile; fileRef = 55E5583C1A34F276001FB51F /* squeeze.c */; };
		55E558B31A34F281001FB51F /* stretch.c in Sources */ = {isa = PBXBuildFile; fileRef = 55E5583D1A34F276001FB51F /* stretch.c */; };
		55E558B51A34F293001FB51F /* create.c in Sources */ = {isa = PBXBuildFile; fileRef = 55E558411A34F276001FB51F /* create.c */; };
		55E558B61A34F293001FB51F /* delete-block.c in Sources */ = {isa = PBXBuildFile; fileRef = 55E558421A34F276001FB51F /* delete-block.c */; };
		55E558B71A34F293001FB51F /* delete.c in Sources */ = {isa = PBXBuildFile; fileRef = 55E558431A34F276001FB51F /* delete.c */; };
		55E558B81A34F293001FB51F /* destroy.c in Sources */ = {isa = PBXBuildFile; fileRef = 55E558441A34F276001FB51F /* destroy.c */; };
		55E558B91A34F293001FB51F /* for-block.c in Sources */ = {isa = PBXBuildFile; fileRef = 55E558451A34F276001FB51F /* for-block.c */; };
		55E558BA1A34F293001FB51F /* get.c in Sources */ = {isa = PBXBuildFile; fileRef = 55E558461A34F276001FB51F /* get.c */; };
		55E558BB1A34F293001FB51F /* new.c in Sources */ = {isa = PBXBuildFile; fileRef = 55E558481A34F276001FB51F /* new.c */; };
		55E558BC1A34F293001FB51F /* set.c in Sources */ = {isa = PBXBuildFile; fileRef = 55E558491A34F276001FB51F /* set.c */; };
		55E558BD1A34F29F001FB51F /* count.c in Sources */ = {isa = PBXBuildFile; fileRef = 55E5584D1A34F276001FB51F /* count.c */; };
		55E558BE1A34F2AC001FB51F /* and.c in Sources */ = {isa = PBXBuildFile; fileRef = 55E558511A34F276001FB51F /* and.c */; };
		55E558BF1A34F2AC001FB51F /* clear-all.c in Sources */ = {isa = PBXBuildFile; fileRef = 55E558521A34F276001FB51F /* clear-all.c */; };
		55E558C01A34F2AC001FB51F /* clear.c in Sources */ = {isa = PBXBuildFile; fileRef = 55E558531A34F276001FB51F /* clear.c */; };
		55E558C11A34F2AC001FB51F /* count.c in Sources */ = {isa = PBXBuildFile; fileRef = 55E558541A34F276001FB51F /* count.c */; };
		55E558C21A34F2AC001FB51F /* create.c in Sources */ = {isa = PBXBuildFile; fileRef = 55E558551A34F276001FB51F /* create.c */; };
		55E558C31A34F2AC001FB51F /* destroy.c in Sources */ = {isa = PBXBuildFile; fileRef = 55E558561A34F276001FB51F /* destroy.c */; };
		55E558C41A34F2AC001FB51F /* ensure.c in Sources */ = {isa = PBXBuildFile; fileRef = 55E558571A34F276001FB51F /* ensure.c */; };
		55E558C51A34F2AC001FB51F /* eq.c in Sources */ = {isa = PBXBuildFile; fileRef = 55E558581A34F276001FB51F /* eq.c */; };
		55E558C61A34F2AC001FB51F /* get.c in Sources */ = {isa = PBXBuildFile; fileRef = 55E558591A34F276001FB51F /* get.c */; };
		55E558C71A34F2AC001FB51F /* length.c in Sources */ = {isa = PBXBuildFile; fileRef = 55E5585B1A34F276001FB51F /* length.c */; };
		55E558C81A34F2AC001FB51F /* next.c in Sources */ = {isa = PBXBuildFile; fileRef = 55E5585C1A34F276001FB51F /* next.c */; };
		55E558C91A34F2AC001FB51F /* or.c in Sources */ = {isa = PBXBuildFile; fileRef = 55E5585D1A34F276001FB51F /* or.c */; };
		55E558CA1A34F2AC001FB51F /* set-all.c in Sources */ = {isa = PBXBuildFile; fileRef = 55E5585E1A34F276001FB51F /* set-all.c */; };
		55E558CB1A34F2AC001FB51F /* set.c in Sources */ = {isa = PBXBuildFile; fileRef = 55E5585F1A34F276001FB51F /* set.c */; };
		55E558CC1A34F2AC001FB51F /* toggle.c in Sources */ = {isa = PBXBuildFile; fileRef = 55E558621A34F276001FB51F /* toggle.c */; };
		55E558CD1A34F2B3001FB51F /* create.c in Sources */ = {isa = PBXBuildFile; fileRef = 55E558641A34F276001FB51F /* create.c */; };
		55E558CE1A34F2B3001FB51F /* destroy.c in Sources */ = {isa = PBXBuildFile; fileRef = 55E558651A34F276001FB51F /* destroy.c */; };
		55E558CF1A34F2B3001FB51F /* insert.c in Sources */ = {isa = PBXBuildFile; fileRef = 55E558671A34F276001FB51F /* insert.c */; };
		55E558D01A34F2B3001FB51F /* lookup-node.c in Sources */ = {isa = PBXBuildFile; fileRef = 55E558681A34F276001FB51F /* lookup-node.c */; };
		55E558D11A34F2B3001FB51F /* lookup.c in Sources */ = {isa = PBXBuildFile; fileRef = 55E558691A34F276001FB51F /* lookup.c */; };
		55E558D21A34F2B3001FB51F /* remove.c in Sources */ = {isa = PBXBuildFile; fileRef = 55E5586A1A34F276001FB51F /* remove.c */; };
		55E558D31A34F2B3001FB51F /* walk-cont.c in Sources */ = {isa = PBXBuildFile; fileRef = 55E5586D1A34F276001FB51F /* walk-cont.c */; };
		55E558D41A34F2B3001FB51F /* walk.c in Sources */ = {isa = PBXBuildFile; fileRef = 55E5586E1A34F276001FB51F /* walk.c */; };
		55E558D51A34F2BB001FB51F /* append.c in Sources */ = {isa = PBXBuildFile; fileRef = 55E558701A34F276001FB51F /* append.c */; };
		55E558D61A34F2BB001FB51F /* copy.c in Sources */ = {isa = PBXBuildFile; fileRef = 55E558711A34F276001FB51F /* copy.c */; };
		55E558D71A34F2BB001FB51F /* free.c in Sources */ = {isa = PBXBuildFile; fileRef = 55E558721A34F276001FB51F /* free.c */; };
		55E558D81A34F2BB001FB51F /* length.c in Sources */ = {isa = PBXBuildFile; fileRef = 55E558741A34F276001FB51F /* length.c */; };
		55E558D91A34F2BB001FB51F /* list.c in Sources */ = {isa = PBXBuildFile; fileRef = 55E558751A34F276001FB51F /* list.c */; };
		55E558DA1A34F2BB001FB51F /* map.c in Sources */ = {isa = PBXBuildFile; fileRef = 55E558761A34F276001FB51F /* map.c */; };
		55E558DB1A34F2BB001FB51F /* pop.c in Sources */ = {isa = PBXBuildFile; fileRef = 55E558771A34F276001FB51F /* pop.c */; };
		55E558DC1A34F2BB001FB51F /* push.c in Sources */ = {isa = PBXBuildFile; fileRef = 55E558781A34F276001FB51F /* push.c */; };
		55E558DD1A34F2BB001FB51F /* reverse.c in Sources */ = {isa = PBXBuildFile; fileRef = 55E558791A34F276001FB51F /* reverse.c */; };
		55E558DE1A34F2BB001FB51F /* to-array.c in Sources */ = {isa = PBXBuildFile; fileRef = 55E5587A1A34F276001FB51F /* to-array.c */; };
		55E558DF1A34F2C3001FB51F /* add-head.c in Sources */ = {isa = PBXBuildFile; fileRef = 55E5587C1A34F276001FB51F /* add-head.c */; };
		55E558E01A34F2C3001FB51F /* find.c in Sources */ = {isa = PBXBuildFile; fileRef = 55E5587D1A34F276001FB51F /* find.c */; };
		55E558E11A34F2C3001FB51F /* init.c in Sources */ = {isa = PBXBuildFile; fileRef = 55E5587E1A34F276001FB51F /* init.c */; };
		55E558E21A34F2C3001FB51F /* remove.c in Sources */ = {isa = PBXBuildFile; fileRef = 55E5587F1A34F276001FB51F /* remove.c */; };
		55E558E31A34F2C3001FB51F /* walk.c in Sources */ = {isa = PBXBuildFile; fileRef = 55E558821A34F276001FB51F /* walk.c */; };
		55E558E41A34F2CA001FB51F /* copy.c in Sources */ = {isa = PBXBuildFile; fileRef = 55E558841A34F276001FB51F /* copy.c */; };
		55E558E51A34F2CA001FB51F /* delete.c in Sources */ = {isa = PBXBuildFile; fileRef = 55E558851A34F276001FB51F /* delete.c */; };
		55E558E61A34F2CA001FB51F /* depth.c in Sources */ = {isa = PBXBuildFile; fileRef = 55E558861A34F276001FB51F /* depth.c */; };
		55E558E71A34F2CA001FB51F /* first-child.c in Sources */ = {isa = PBXBuildFile; fileRef = 55E558871A34F276001FB51F /* first-child.c */; };
		55E558E81A34F2CA001FB51F /* free.c in Sources */ = {isa = PBXBuildFile; fileRef = 55E558881A34F276001FB51F /* free.c */; };
		55E558E91A34F2CA001FB51F /* get-data.c in Sources */ = {isa = PBXBuildFile; fileRef = 55E558891A34F276001FB51F /* get-data.c */; };
		55E558EA1A34F2CA001FB51F /* insert-after.c in Sources */ = {isa = PBXBuildFile; fileRef = 55E5588B1A34F276001FB51F /* insert-after.c */; };
		55E558EB1A34F2CA001FB51F /* insert-before.c in Sources */ = {isa = PBXBuildFile; fileRef = 55E5588C1A34F276001FB51F /* insert-before.c */; };
		55E558EC1A34F2CA001FB51F /* insert.c in Sources */ = {isa = PBXBuildFile; fileRef = 55E5588D1A34F276001FB51F /* insert.c */; };
		55E558ED1A34F2CA001FB51F /* last-child.c in Sources */ = {isa = PBXBuildFile; fileRef = 55E5588E1A34F276001FB51F /* last-child.c */; };
		55E558EE1A34F2CA001FB51F /* max-height.c in Sources */ = {isa = PBXBuildFile; fileRef = 55E5588F1A34F276001FB51F /* max-height.c */; };
		55E558EF1A34F2CA001FB51F /* n-nodes.c in Sources */ = {isa = PBXBuildFile; fileRef = 55E558901A34F276001FB51F /* n-nodes.c */; };
		55E558F01A34F2CA001FB51F /* new.c in Sources */ = {isa = PBXBuildFile; fileRef = 55E558911A34F276001FB51F /* new.c */; };
		55E558F11A34F2CA001FB51F /* next-sibling.c in Sources */ = {isa = PBXBuildFile; fileRef = 55E558921A34F276001FB51F /* next-sibling.c */; };
		55E558F21A34F2CA001FB51F /* nth-child.c in Sources */ = {isa = PBXBuildFile; fileRef = 55E558931A34F276001FB51F /* nth-child.c */; };
		55E558F31A34F2CA001FB51F /* parent.c in Sources */ = {isa = PBXBuildFile; fileRef = 55E558941A34F276001FB51F /* parent.c */; };
		55E558F41A34F2CA001FB51F /* prepend.c in Sources */ = {isa = PBXBuildFile; fileRef = 55E558951A34F276001FB51F /* prepend.c */; };
		55E558F51A34F2CA001FB51F /* prev-sibling.c in Sources */ = {isa = PBXBuildFile; fileRef = 55E558961A34F276001FB51F /* prev-sibling.c */; };
		55E558F61A34F2CA001FB51F /* set-data.c in Sources */ = {isa = PBXBuildFile; fileRef = 55E558971A34F276001FB51F /* set-data.c */; };
		55E558F71A34F2CA001FB51F /* unlink.c in Sources */ = {isa = PBXBuildFile; fileRef = 55E5589A1A34F276001FB51F /* unlink.c */; };
		55E558F81A34F2CA001FB51F /* walk.c in Sources */ = {isa = PBXBuildFile; fileRef = 55E5589B1A34F276001FB51F /* walk.c */; };
		55E558F91A34F2D0001FB51F /* clear.c in Sources */ = {isa = PBXBuildFile; fileRef = 55E5589D1A34F276001FB51F /* clear.c */; };
		55E558FA1A34F2D0001FB51F /* create.c in Sources */ = {isa = PBXBuildFile; fileRef = 55E5589E1A34F276001FB51F /* create.c */; };
		55E558FB1A34F2D0001FB51F /* destroy.c in Sources */ = {isa = PBXBuildFile; fileRef = 55E5589F1A34F276001FB51F /* destroy.c */; };
		55E558FC1A34F2D0001FB51F /* get.c in Sources */ = {isa = PBXBuildFile; fileRef = 55E558A01A34F276001FB51F /* get.c */; };
		55E558FD1A34F2D0001FB51F /* length.c in Sources */ = {isa = PBXBuildFile; fileRef = 55E558A21A34F276001FB51F /* length.c */; };
		55E558FE1A34F2D0001FB51F /* set-length.c in Sources */ = {isa = PBXBuildFile; fileRef = 55E558A31A34F276001FB51F /* set-length.c */; };
		55E558FF1A34F2D0001FB51F /* set-width.c in Sources */ = {isa = PBXBuildFile; fileRef = 55E558A41A34F276001FB51F /* set-width.c */; };
		55E559001A34F2D0001FB51F /* width.c in Sources */ = {isa = PBXBuildFile; fileRef = 55E558A71A34F276001FB51F /* width.c */; };
		55E559191A350047001FB51F /* digest-db.c in Sources */ = {isa = PBXBuildFile; fileRef = 55E5590A1A350037001FB51F /* digest-db.c */; };
		55E5591A1A350049001FB51F /* filename-db.c in Sources */ = {isa = PBXBuildFile; fileRef = 55E5590C1A350037001FB51F /* filename-db.c */; };
		55E5591B1A35004E001FB51F /* delete.c in Sources */ = {isa = PBXBuildFile; fileRef = 55E5590E1A350037001FB51F /* delete.c */; };
		55E5591C1A35004E001FB51F /* hash-reader.c in Sources */ = {isa = PBXBuildFile; fileRef = 55E5590F1A350037001FB51F /* hash-reader.c */; };
		55E5591D1A35004E001FB51F /* hash-writer.c in Sources */ = {isa = PBXBuildFile; fileRef = 55E559101A350037001FB51F /* hash-writer.c */; };
		55E559201A350051001FB51F /* tag-db.c in Sources */ = {isa = PBXBuildFile; fileRef = 55E559161A350037001FB51F /* tag-db.c */; };
		55E559261A3A60E5001FB51F /* layout.c in Sources */ = {isa = PBXBuildFile; fileRef = 55E559231A3A60E5001FB51F /* layout.c */; };
		55E559281A3A60EF001FB51F /* layout-test.c in Sources */ = {isa = PBXBuildFile; fileRef = 55E559251A3A60E5001FB51F /* layout-test.c */; };
		55E5695E1DA19B70002F5E0B /* cache.c in Sources */ = {isa = PBXBuildFile; fileRef = 55E5695D1DA19B70002F5E0B /* cache.c */; };
		55E569611DA19C27002F5E0B /* cache-test.c in Sources */ = {isa = PBXBuildFile; fileRef = 55E569601DA19C27002F5E0B /* cache-test.c */; };
		55EC240E1B62EB8E00AD9D28 /* count.c in Sources */ = {isa = PBXBuildFile; fileRef = 55EC240D1B62EB8E00AD9D28 /* count.c */; };
		55F7DFF61A373F1400A64017 /* array-test.c in Sources */ = {isa = PBXBuildFile; fileRef = 55E5583F1A34F276001FB51F /* array-test.c */; };
		55F7DFF71A373F2C00A64017 /* atom-test.c in Sources */ = {isa = PBXBuildFile; fileRef = 55E5584B1A34F276001FB51F /* atom-test.c */; };
		55F7DFF81A373F3E00A64017 /* bitarr-test.c in Sources */ = {isa = PBXBuildFile; fileRef = 55E5584F1A34F276001FB51F /* bitarr-test.c */; };
		55F7DFF91A373F5F00A64017 /* bitvec-test.c in Sources */ = {isa = PBXBuildFile; fileRef = 55E558611A34F276001FB51F /* bitvec-test.c */; };
		55F7DFFA1A373F7200A64017 /* hash-test.c in Sources */ = {isa = PBXBuildFile; fileRef = 55E5586C1A34F276001FB51F /* hash-test.c */; };
		55F7DFFB1A373F8D00A64017 /* list-test.c in Sources */ = {isa = PBXBuildFile; fileRef = 55E558811A34F276001FB51F /* list-test.c */; };
		55F7DFFC1A373F9F00A64017 /* ntree-test.c in Sources */ = {isa = PBXBuildFile; fileRef = 55E558991A34F276001FB51F /* ntree-test.c */; };
		55F7DFFD1A373FB800A64017 /* vector-test.c in Sources */ = {isa = PBXBuildFile; fileRef = 55E558A61A34F276001FB51F /* vector-test.c */; };
		55F7DFFE1A3742F900A64017 /* libDPTLib.a in Frameworks */ = {isa = PBXBuildFile; fileRef = 5551374C165456FA007F3565 /* libDPTLib.a */; };
		55F7E0001A3797F600A64017 /* pickle.c in Sources */ = {isa = PBXBuildFile; fileRef = 55E559111A350037001FB51F /* pickle.c */; };
		55F7E0011A379C9300A64017 /* unpickle.c in Sources */ = {isa = PBXBuildFile; fileRef = 55E559141A350037001FB51F /* unpickle.c */; };
		55F7E0021A37A03D00A64017 /* tag-db-test.c in Sources */ = {isa = PBXBuildFile; fileRef = 55E559181A350037001FB51F /* tag-db-test.c */; };
		55F7E0031A37A04100A64017 /* pickle-test.c in Sources */ = {isa = PBXBuildFile; fileRef = 55E559131A350037001FB51F /* pickle-test.c */; };
		55F7E01D1A38E38100A64017 /* contains-box.c in Sources */ = {isa = PBXBuildFile; fileRef = 55F7E0131A38E38100A64017 /* contains-box.c */; };
		55F7E01E1A38E38100A64017 /* contains-point.c in Sources */ = {isa = PBXBuildFile; fileRef = 55F7E0141A38E38100A64017 /* contains-point.c */; };
		55F7E01F1A38E38100A64017 /* could-hold.c in Sources */ = {isa = PBXBuildFile; fileRef = 55F7E0151A38E38100A64017 /* could-hold.c */; };
		55F7E0201A38E38100A64017 /* grow.c in Sources */ = {isa = PBXBuildFile; fileRef = 55F7E0161A38E38100A64017 /* grow.c */; };
		55F7E0211A38E38100A64017 /* intersection.c in Sources */ = {isa = PBXBuildFile; fileRef = 55F7E0171A38E38100A64017 /* intersection.c */; };
		55F7E0221A38E38100A64017 /* intersects.c in Sources */ = {isa = PBXBuildFile; fileRef = 55F7E0181A38E38100A64017 /* intersects.c */; };
		55F7E0231A38E38100A64017 /* is-empty.c in Sources */ = {isa = PBXBuildFile; fileRef = 55F7E0191A38E38100A64017 /* is-empty.c */; };
		55F7E0241A38E38100A64017 /* round.c in Sources */ = {isa = PBXBuildFile; fileRef = 55F7E01A1A38E38100A64017 /* round.c */; };
		55F7E0251A38E38100A64017 /* round4.c in Sources */ = {isa = PBXBuildFile; fileRef = 55F7E01B1A38E38100A64017 /* round4.c */; };
		55F7E0261A38E38100A64017 /* union.c in Sources */ = {isa = PBXBuildFile; fileRef = 55F7E01C1A38E38100A64017 /* union.c */; };
		55F7E02E1A39183300A64017 /* packer.c in Sources */ = {isa = PBXBuildFile; fileRef = 55F7E02B1A39183300A64017 /* packer.c */; };
		55F7E0371A391AA800A64017 /* txtscr.c in Sources */ = {isa = PBXBuildFile; fileRef = 55F7E0361A391AA800A64017 /* txtscr.c */; };
		55F7E0381A391B4F00A64017 /* packer-test.c in Sources */ = {isa = PBXBuildFile; fileRef = 55F7E02D1A39183300A64017 /* packer-test.c */; };
/* End PBXBuildFile section */

/* Begin PBXContainerItemProxy section */
		55F7DFF21A373E9C00A64017 /* PBXContainerItemProxy */ = {
			isa = PBXContainerItemProxy;
			containerPortal = 55513743165456FA007F3565 /* Project object */;
			proxyType = 1;
			remoteGlobalIDString = 5551374B165456FA007F3565;
			remoteInfo = DPTLib;
		};
/* End PBXContainerItemProxy section */

/* Begin PBXCopyFilesBuildPhase section */
		55F7DFE71A373E9000A64017 /* CopyFiles */ = {
			isa = PBXCopyFilesBuildPhase;
			buildActionMask = 2147483647;
			dstPath = /usr/share/man/man1/;
			dstSubfolderSpec = 0;
			files = (
			);
			runOnlyForDeploymentPostprocessing = 1;
		};
/* End PBXCopyFilesBuildPhase section */

/* Begin PBXFileReference section */
		551FE0C91B723B9D00F49B70 /* point.h */ = {isa = PBXFileReference; lastKnownFileType = sourcecode.c.h; path = point.h; sourceTree = "<group>"; };
		55511B481A40F49000D572A7 /* stream-test.c */ = {isa = PBXFileReference; fileEncoding = 4; lastKnownFileType = sourcecode.c.c; path = "stream-test.c"; sourceTree = "<group>"; };
		55511B4A1A40F4CD00D572A7 /* stream-mtfcomp.c */ = {isa = PBXFileReference; fileEncoding = 4; lastKnownFileType = sourcecode.c.c; path = "stream-mtfcomp.c"; sourceTree = "<group>"; };
		55511B4B1A40F4CD00D572A7 /* stream-packbitscomp.c */ = {isa = PBXFileReference; fileEncoding = 4; lastKnownFileType = sourcecode.c.c; path = "stream-packbitscomp.c"; sourceTree = "<group>"; };
		55511B4C1A40F4CD00D572A7 /* stream-packbitsdecomp.c */ = {isa = PBXFileReference; fileEncoding = 4; lastKnownFileType = sourcecode.c.c; path = "stream-packbitsdecomp.c"; sourceTree = "<group>"; };
		55511B501A40F50C00D572A7 /* stream-mtfcomp.h */ = {isa = PBXFileReference; lastKnownFileType = sourcecode.c.h; path = "stream-mtfcomp.h"; sourceTree = "<group>"; };
		55511B511A40F50C00D572A7 /* stream-packbits.h */ = {isa = PBXFileReference; lastKnownFileType = sourcecode.c.h; path = "stream-packbits.h"; sourceTree = "<group>"; };
		5551374C165456FA007F3565 /* libDPTLib.a */ = {isa = PBXFileReference; explicitFileType = archive.ar; includeInIndex = 0; path = libDPTLib.a; sourceTree = BUILT_PRODUCTS_DIR; };
		5551375516545786007F3565 /* debug.h */ = {isa = PBXFileReference; fileEncoding = 4; lastKnownFileType = sourcecode.c.h; path = debug.h; sourceTree = "<group>"; };
		5551375616545786007F3565 /* result.h */ = {isa = PBXFileReference; fileEncoding = 4; lastKnownFileType = sourcecode.c.h; path = result.h; sourceTree = "<group>"; };
		5551375816545786007F3565 /* types.h */ = {isa = PBXFileReference; fileEncoding = 4; lastKnownFileType = sourcecode.c.h; path = types.h; sourceTree = "<group>"; };
		5551375A16545786007F3565 /* bitmap-set.h */ = {isa = PBXFileReference; fileEncoding = 4; lastKnownFileType = sourcecode.c.h; path = "bitmap-set.h"; sourceTree = "<group>"; };
		5551375B16545786007F3565 /* bitmap.h */ = {isa = PBXFileReference; fileEncoding = 4; lastKnownFileType = sourcecode.c.h; path = bitmap.h; sourceTree = "<group>"; };
		5551375C16545786007F3565 /* pixelfmt.h */ = {isa = PBXFileReference; fileEncoding = 4; lastKnownFileType = sourcecode.c.h; path = pixelfmt.h; sourceTree = "<group>"; };
		5551375D16545786007F3565 /* screen.h */ = {isa = PBXFileReference; fileEncoding = 4; lastKnownFileType = sourcecode.c.h; path = screen.h; sourceTree = "<group>"; };
		5551375F16545786007F3565 /* box.h */ = {isa = PBXFileReference; fileEncoding = 4; lastKnownFileType = sourcecode.c.h; path = box.h; sourceTree = "<group>"; };
		5551376116545786007F3565 /* stream-mem.h */ = {isa = PBXFileReference; fileEncoding = 4; lastKnownFileType = sourcecode.c.h; path = "stream-mem.h"; sourceTree = "<group>"; };
		5551376216545786007F3565 /* stream-stdio.h */ = {isa = PBXFileReference; fileEncoding = 4; lastKnownFileType = sourcecode.c.h; path = "stream-stdio.h"; sourceTree = "<group>"; };
		5551376316545786007F3565 /* stream.h */ = {isa = PBXFileReference; fileEncoding = 4; lastKnownFileType = sourcecode.c.h; lineEnding = 0; path = stream.h; sourceTree = "<group>"; xcLanguageSpecificationIdentifier = xcode.lang.objcpp; };
		5551376D16545786007F3565 /* array.h */ = {isa = PBXFileReference; fileEncoding = 4; lastKnownFileType = sourcecode.c.h; path = array.h; sourceTree = "<group>"; };
		5551376E16545786007F3565 /* barith.h */ = {isa = PBXFileReference; fileEncoding = 4; lastKnownFileType = sourcecode.c.h; path = barith.h; sourceTree = "<group>"; };
		5551377116545786007F3565 /* pack.h */ = {isa = PBXFileReference; fileEncoding = 4; lastKnownFileType = sourcecode.c.h; lineEnding = 0; path = pack.h; sourceTree = "<group>"; xcLanguageSpecificationIdentifier = xcode.lang.objcpp; };
		5551377416545786007F3565 /* log2bpp.c */ = {isa = PBXFileReference; fileEncoding = 4; lastKnownFileType = sourcecode.c.c; path = log2bpp.c; sourceTree = "<group>"; };
		5551377B16545786007F3565 /* stream-mem.c */ = {isa = PBXFileReference; fileEncoding = 4; lastKnownFileType = sourcecode.c.c; path = "stream-mem.c"; sourceTree = "<group>"; };
		5551377C16545786007F3565 /* stream-stdio.c */ = {isa = PBXFileReference; fileEncoding = 4; lastKnownFileType = sourcecode.c.c; path = "stream-stdio.c"; sourceTree = "<group>"; };
		5551377D16545786007F3565 /* stream.c */ = {isa = PBXFileReference; fileEncoding = 4; lastKnownFileType = sourcecode.c.c; lineEnding = 0; path = stream.c; sourceTree = "<group>"; xcLanguageSpecificationIdentifier = xcode.lang.c; };
		5551379616545786007F3565 /* grow.c */ = {isa = PBXFileReference; fileEncoding = 4; lastKnownFileType = sourcecode.c.c; path = grow.c; sourceTree = "<group>"; };
		5551379716545786007F3565 /* shrink.c */ = {isa = PBXFileReference; fileEncoding = 4; lastKnownFileType = sourcecode.c.c; path = shrink.c; sourceTree = "<group>"; };
		5551379B16545786007F3565 /* pack.c */ = {isa = PBXFileReference; fileEncoding = 4; lastKnownFileType = sourcecode.c.c; path = pack.c; sourceTree = "<group>"; };
		5551379C16545786007F3565 /* unpack.c */ = {isa = PBXFileReference; fileEncoding = 4; lastKnownFileType = sourcecode.c.c; path = unpack.c; sourceTree = "<group>"; };
		555E85B41A840E4D00BBC66C /* bsearch-test.c */ = {isa = PBXFileReference; fileEncoding = 4; lastKnownFileType = sourcecode.c.c; name = "bsearch-test.c"; path = "test/bsearch-test.c"; sourceTree = "<group>"; };
		5563C4511BAACF3200CD1461 /* reset.c */ = {isa = PBXFileReference; fileEncoding = 4; lastKnownFileType = sourcecode.c.c; path = reset.c; sourceTree = "<group>"; };
		556DE20A1A49983C009BBE63 /* ensure.c */ = {isa = PBXFileReference; fileEncoding = 4; lastKnownFileType = sourcecode.c.c; path = ensure.c; sourceTree = "<group>"; };
		556DE20C1A49A1FB009BBE63 /* insert.c */ = {isa = PBXFileReference; fileEncoding = 4; lastKnownFileType = sourcecode.c.c; path = insert.c; sourceTree = "<group>"; };
		55A2FB281B7A45080047C488 /* utils.h */ = {isa = PBXFileReference; lastKnownFileType = sourcecode.c.h; path = utils.h; sourceTree = "<group>"; };
		55B22A221A4063000022ED84 /* barith.c */ = {isa = PBXFileReference; fileEncoding = 4; lastKnownFileType = sourcecode.c.c; path = barith.c; sourceTree = "<group>"; };
		55CDA5871F49084C006FC753 /* bitfifo.c */ = {isa = PBXFileReference; fileEncoding = 4; lastKnownFileType = sourcecode.c.c; path = bitfifo.c; sourceTree = "<group>"; };
		55CDA5891F490863006FC753 /* bitfifo.h */ = {isa = PBXFileReference; lastKnownFileType = sourcecode.c.h; path = bitfifo.h; sourceTree = "<group>"; };
		55CDA58B1F49093A006FC753 /* bitfifo-test.c */ = {isa = PBXFileReference; fileEncoding = 4; lastKnownFileType = sourcecode.c.c; path = "bitfifo-test.c"; sourceTree = "<group>"; };
		55DC56211A5DB44E003A2985 /* main.c */ = {isa = PBXFileReference; fileEncoding = 4; lastKnownFileType = sourcecode.c.c; path = main.c; sourceTree = "<group>"; };
		55DC56261A61C951003A2985 /* set.c */ = {isa = PBXFileReference; fileEncoding = 4; lastKnownFileType = sourcecode.c.c; path = set.c; sourceTree = "<group>"; };
		55E055FB1CA49C3A0036BDDE /* composite.c */ = {isa = PBXFileReference; fileEncoding = 4; lastKnownFileType = sourcecode.c.c; name = composite.c; path = composite/composite.c; sourceTree = "<group>"; };
		55E055FD1CA49C740036BDDE /* composite.h */ = {isa = PBXFileReference; lastKnownFileType = sourcecode.c.h; path = composite.h; sourceTree = "<group>"; };
		55E557EB1A336220001FB51F /* bsearch.h */ = {isa = PBXFileReference; lastKnownFileType = sourcecode.c.h; path = bsearch.h; sourceTree = "<group>"; };
		55E557ED1A33628D001FB51F /* bsearch-impl.h */ = {isa = PBXFileReference; lastKnownFileType = sourcecode.c.h; lineEnding = 0; path = "bsearch-impl.h"; sourceTree = "<group>"; xcLanguageSpecificationIdentifier = xcode.lang.objcpp; };
		55E557EE1A33628D001FB51F /* bsearch-int.c */ = {isa = PBXFileReference; lastKnownFileType = sourcecode.c.c; path = "bsearch-int.c"; sourceTree = "<group>"; };
		55E557EF1A33628D001FB51F /* bsearch-short.c */ = {isa = PBXFileReference; lastKnownFileType = sourcecode.c.c; path = "bsearch-short.c"; sourceTree = "<group>"; };
		55E557F01A33628D001FB51F /* bsearch-uint.c */ = {isa = PBXFileReference; lastKnownFileType = sourcecode.c.c; path = "bsearch-uint.c"; sourceTree = "<group>"; };
		55E557F11A33628D001FB51F /* bsearch-ushort.c */ = {isa = PBXFileReference; lastKnownFileType = sourcecode.c.c; path = "bsearch-ushort.c"; sourceTree = "<group>"; };
		55E557F61A33776A001FB51F /* bytesex.h */ = {isa = PBXFileReference; lastKnownFileType = sourcecode.c.h; path = bytesex.h; sourceTree = "<group>"; };
		55E557F81A337785001FB51F /* rev-l-block.c */ = {isa = PBXFileReference; fileEncoding = 4; lastKnownFileType = sourcecode.c.c; path = "rev-l-block.c"; sourceTree = "<group>"; };
		55E557F91A337785001FB51F /* rev-l-m.c */ = {isa = PBXFileReference; fileEncoding = 4; lastKnownFileType = sourcecode.c.c; path = "rev-l-m.c"; sourceTree = "<group>"; };
		55E557FA1A337785001FB51F /* rev-l.c */ = {isa = PBXFileReference; fileEncoding = 4; lastKnownFileType = sourcecode.c.c; path = "rev-l.c"; sourceTree = "<group>"; };
		55E557FB1A337785001FB51F /* rev-s-block.c */ = {isa = PBXFileReference; fileEncoding = 4; lastKnownFileType = sourcecode.c.c; path = "rev-s-block.c"; sourceTree = "<group>"; };
		55E557FC1A337785001FB51F /* rev-s-m.c */ = {isa = PBXFileReference; fileEncoding = 4; lastKnownFileType = sourcecode.c.c; path = "rev-s-m.c"; sourceTree = "<group>"; };
		55E557FD1A337785001FB51F /* rev-s-pair-m.c */ = {isa = PBXFileReference; fileEncoding = 4; lastKnownFileType = sourcecode.c.c; path = "rev-s-pair-m.c"; sourceTree = "<group>"; };
		55E557FE1A337785001FB51F /* rev-s-pair.c */ = {isa = PBXFileReference; fileEncoding = 4; lastKnownFileType = sourcecode.c.c; path = "rev-s-pair.c"; sourceTree = "<group>"; };
		55E557FF1A337785001FB51F /* rev-s.c */ = {isa = PBXFileReference; fileEncoding = 4; lastKnownFileType = sourcecode.c.c; path = "rev-s.c"; sourceTree = "<group>"; };
		55E558001A337785001FB51F /* util.h */ = {isa = PBXFileReference; fileEncoding = 4; lastKnownFileType = sourcecode.c.h; path = util.h; sourceTree = "<group>"; };
		55E558091A338F42001FB51F /* fxp.h */ = {isa = PBXFileReference; lastKnownFileType = sourcecode.c.h; path = fxp.h; sourceTree = "<group>"; };
		55E5580B1A338F6A001FB51F /* smull-fxp16.c */ = {isa = PBXFileReference; lastKnownFileType = sourcecode.c.c; path = "smull-fxp16.c"; sourceTree = "<group>"; };
		55E558101A338F6A001FB51F /* umull-fxp16.c */ = {isa = PBXFileReference; lastKnownFileType = sourcecode.c.c; path = "umull-fxp16.c"; sourceTree = "<group>"; };
		55E558141A348961001FB51F /* primes.h */ = {isa = PBXFileReference; lastKnownFileType = sourcecode.c.h; path = primes.h; sourceTree = "<group>"; };
		55E558161A3489A7001FB51F /* primes.c */ = {isa = PBXFileReference; lastKnownFileType = sourcecode.c.c; path = primes.c; sourceTree = "<group>"; };
		55E558181A3491D1001FB51F /* maths.h */ = {isa = PBXFileReference; lastKnownFileType = sourcecode.c.h; path = maths.h; sourceTree = "<group>"; };
		55E5581A1A34926A001FB51F /* degs-to-rads.c */ = {isa = PBXFileReference; lastKnownFileType = sourcecode.c.c; path = "degs-to-rads.c"; sourceTree = "<group>"; };
		55E5581B1A34926A001FB51F /* gcd.c */ = {isa = PBXFileReference; lastKnownFileType = sourcecode.c.c; path = gcd.c; sourceTree = "<group>"; };
		55E5582E1A34F25E001FB51F /* atom.h */ = {isa = PBXFileReference; lastKnownFileType = sourcecode.c.h; lineEnding = 0; path = atom.h; sourceTree = "<group>"; xcLanguageSpecificationIdentifier = xcode.lang.objcpp; };
		55E5582F1A34F25E001FB51F /* bitarr.h */ = {isa = PBXFileReference; lastKnownFileType = sourcecode.c.h; lineEnding = 0; path = bitarr.h; sourceTree = "<group>"; xcLanguageSpecificationIdentifier = xcode.lang.objcpp; };
		55E558301A34F25E001FB51F /* bitvec.h */ = {isa = PBXFileReference; lastKnownFileType = sourcecode.c.h; lineEnding = 0; path = bitvec.h; sourceTree = "<group>"; xcLanguageSpecificationIdentifier = xcode.lang.objcpp; };
		55E558311A34F25E001FB51F /* hash.h */ = {isa = PBXFileReference; lastKnownFileType = sourcecode.c.h; lineEnding = 0; path = hash.h; sourceTree = "<group>"; xcLanguageSpecificationIdentifier = xcode.lang.objcpp; };
		55E558321A34F25E001FB51F /* hlist.h */ = {isa = PBXFileReference; lastKnownFileType = sourcecode.c.h; lineEnding = 0; path = hlist.h; sourceTree = "<group>"; xcLanguageSpecificationIdentifier = xcode.lang.objcpp; };
		55E558331A34F25E001FB51F /* list.h */ = {isa = PBXFileReference; lastKnownFileType = sourcecode.c.h; lineEnding = 0; path = list.h; sourceTree = "<group>"; xcLanguageSpecificationIdentifier = xcode.lang.objcpp; };
		55E558341A34F25E001FB51F /* ntree.h */ = {isa = PBXFileReference; lastKnownFileType = sourcecode.c.h; lineEnding = 0; path = ntree.h; sourceTree = "<group>"; xcLanguageSpecificationIdentifier = xcode.lang.objcpp; };
		55E558351A34F25E001FB51F /* vector.h */ = {isa = PBXFileReference; lastKnownFileType = sourcecode.c.h; lineEnding = 0; path = vector.h; sourceTree = "<group>"; xcLanguageSpecificationIdentifier = xcode.lang.objcpp; };
		55E558381A34F276001FB51F /* delelem.c */ = {isa = PBXFileReference; lastKnownFileType = sourcecode.c.c; path = delelem.c; sourceTree = "<group>"; };
		55E558391A34F276001FB51F /* delelems.c */ = {isa = PBXFileReference; lastKnownFileType = sourcecode.c.c; path = delelems.c; sourceTree = "<group>"; };
		55E5583C1A34F276001FB51F /* squeeze.c */ = {isa = PBXFileReference; lastKnownFileType = sourcecode.c.c; path = squeeze.c; sourceTree = "<group>"; };
		55E5583D1A34F276001FB51F /* stretch.c */ = {isa = PBXFileReference; lastKnownFileType = sourcecode.c.c; path = stretch.c; sourceTree = "<group>"; };
		55E5583F1A34F276001FB51F /* array-test.c */ = {isa = PBXFileReference; lastKnownFileType = sourcecode.c.c; path = "array-test.c"; sourceTree = "<group>"; };
		55E558411A34F276001FB51F /* create.c */ = {isa = PBXFileReference; lastKnownFileType = sourcecode.c.c; lineEnding = 0; path = create.c; sourceTree = "<group>"; xcLanguageSpecificationIdentifier = xcode.lang.c; };
		55E558421A34F276001FB51F /* delete-block.c */ = {isa = PBXFileReference; lastKnownFileType = sourcecode.c.c; path = "delete-block.c"; sourceTree = "<group>"; };
		55E558431A34F276001FB51F /* delete.c */ = {isa = PBXFileReference; lastKnownFileType = sourcecode.c.c; path = delete.c; sourceTree = "<group>"; };
		55E558441A34F276001FB51F /* destroy.c */ = {isa = PBXFileReference; lastKnownFileType = sourcecode.c.c; lineEnding = 0; path = destroy.c; sourceTree = "<group>"; xcLanguageSpecificationIdentifier = xcode.lang.c; };
		55E558451A34F276001FB51F /* for-block.c */ = {isa = PBXFileReference; lastKnownFileType = sourcecode.c.c; path = "for-block.c"; sourceTree = "<group>"; };
		55E558461A34F276001FB51F /* get.c */ = {isa = PBXFileReference; lastKnownFileType = sourcecode.c.c; path = get.c; sourceTree = "<group>"; };
		55E558471A34F276001FB51F /* impl.h */ = {isa = PBXFileReference; lastKnownFileType = sourcecode.c.h; lineEnding = 0; path = impl.h; sourceTree = "<group>"; xcLanguageSpecificationIdentifier = xcode.lang.objcpp; };
		55E558481A34F276001FB51F /* new.c */ = {isa = PBXFileReference; lastKnownFileType = sourcecode.c.c; lineEnding = 0; path = new.c; sourceTree = "<group>"; xcLanguageSpecificationIdentifier = xcode.lang.c; };
		55E558491A34F276001FB51F /* set.c */ = {isa = PBXFileReference; lastKnownFileType = sourcecode.c.c; lineEnding = 0; path = set.c; sourceTree = "<group>"; xcLanguageSpecificationIdentifier = xcode.lang.c; };
		55E5584B1A34F276001FB51F /* atom-test.c */ = {isa = PBXFileReference; lastKnownFileType = sourcecode.c.c; lineEnding = 0; path = "atom-test.c"; sourceTree = "<group>"; xcLanguageSpecificationIdentifier = xcode.lang.c; };
		55E5584D1A34F276001FB51F /* count.c */ = {isa = PBXFileReference; lastKnownFileType = sourcecode.c.c; path = count.c; sourceTree = "<group>"; };
		55E5584F1A34F276001FB51F /* bitarr-test.c */ = {isa = PBXFileReference; lastKnownFileType = sourcecode.c.c; path = "bitarr-test.c"; sourceTree = "<group>"; };
		55E558511A34F276001FB51F /* and.c */ = {isa = PBXFileReference; lastKnownFileType = sourcecode.c.c; lineEnding = 0; path = and.c; sourceTree = "<group>"; xcLanguageSpecificationIdentifier = xcode.lang.c; };
		55E558521A34F276001FB51F /* clear-all.c */ = {isa = PBXFileReference; lastKnownFileType = sourcecode.c.c; path = "clear-all.c"; sourceTree = "<group>"; };
		55E558531A34F276001FB51F /* clear.c */ = {isa = PBXFileReference; lastKnownFileType = sourcecode.c.c; path = clear.c; sourceTree = "<group>"; };
		55E558541A34F276001FB51F /* count.c */ = {isa = PBXFileReference; lastKnownFileType = sourcecode.c.c; path = count.c; sourceTree = "<group>"; };
		55E558551A34F276001FB51F /* create.c */ = {isa = PBXFileReference; lastKnownFileType = sourcecode.c.c; lineEnding = 0; path = create.c; sourceTree = "<group>"; xcLanguageSpecificationIdentifier = xcode.lang.c; };
		55E558561A34F276001FB51F /* destroy.c */ = {isa = PBXFileReference; lastKnownFileType = sourcecode.c.c; lineEnding = 0; path = destroy.c; sourceTree = "<group>"; xcLanguageSpecificationIdentifier = xcode.lang.c; };
		55E558571A34F276001FB51F /* ensure.c */ = {isa = PBXFileReference; lastKnownFileType = sourcecode.c.c; lineEnding = 0; path = ensure.c; sourceTree = "<group>"; xcLanguageSpecificationIdentifier = xcode.lang.c; };
		55E558581A34F276001FB51F /* eq.c */ = {isa = PBXFileReference; lastKnownFileType = sourcecode.c.c; path = eq.c; sourceTree = "<group>"; };
		55E558591A34F276001FB51F /* get.c */ = {isa = PBXFileReference; lastKnownFileType = sourcecode.c.c; path = get.c; sourceTree = "<group>"; };
		55E5585A1A34F276001FB51F /* impl.h */ = {isa = PBXFileReference; lastKnownFileType = sourcecode.c.h; lineEnding = 0; path = impl.h; sourceTree = "<group>"; xcLanguageSpecificationIdentifier = xcode.lang.objcpp; };
		55E5585B1A34F276001FB51F /* length.c */ = {isa = PBXFileReference; lastKnownFileType = sourcecode.c.c; path = length.c; sourceTree = "<group>"; };
		55E5585C1A34F276001FB51F /* next.c */ = {isa = PBXFileReference; lastKnownFileType = sourcecode.c.c; path = next.c; sourceTree = "<group>"; };
		55E5585D1A34F276001FB51F /* or.c */ = {isa = PBXFileReference; lastKnownFileType = sourcecode.c.c; lineEnding = 0; path = or.c; sourceTree = "<group>"; xcLanguageSpecificationIdentifier = xcode.lang.c; };
		55E5585E1A34F276001FB51F /* set-all.c */ = {isa = PBXFileReference; lastKnownFileType = sourcecode.c.c; path = "set-all.c"; sourceTree = "<group>"; };
		55E5585F1A34F276001FB51F /* set.c */ = {isa = PBXFileReference; lastKnownFileType = sourcecode.c.c; lineEnding = 0; path = set.c; sourceTree = "<group>"; xcLanguageSpecificationIdentifier = xcode.lang.c; };
		55E558611A34F276001FB51F /* bitvec-test.c */ = {isa = PBXFileReference; lastKnownFileType = sourcecode.c.c; lineEnding = 0; path = "bitvec-test.c"; sourceTree = "<group>"; xcLanguageSpecificationIdentifier = xcode.lang.c; };
		55E558621A34F276001FB51F /* toggle.c */ = {isa = PBXFileReference; lastKnownFileType = sourcecode.c.c; lineEnding = 0; path = toggle.c; sourceTree = "<group>"; xcLanguageSpecificationIdentifier = xcode.lang.c; };
		55E558641A34F276001FB51F /* create.c */ = {isa = PBXFileReference; lastKnownFileType = sourcecode.c.c; lineEnding = 0; path = create.c; sourceTree = "<group>"; xcLanguageSpecificationIdentifier = xcode.lang.c; };
		55E558651A34F276001FB51F /* destroy.c */ = {isa = PBXFileReference; lastKnownFileType = sourcecode.c.c; lineEnding = 0; path = destroy.c; sourceTree = "<group>"; xcLanguageSpecificationIdentifier = xcode.lang.c; };
		55E558661A34F276001FB51F /* impl.h */ = {isa = PBXFileReference; lastKnownFileType = sourcecode.c.h; lineEnding = 0; path = impl.h; sourceTree = "<group>"; xcLanguageSpecificationIdentifier = xcode.lang.objcpp; };
		55E558671A34F276001FB51F /* insert.c */ = {isa = PBXFileReference; lastKnownFileType = sourcecode.c.c; lineEnding = 0; path = insert.c; sourceTree = "<group>"; xcLanguageSpecificationIdentifier = xcode.lang.c; };
		55E558681A34F276001FB51F /* lookup-node.c */ = {isa = PBXFileReference; lastKnownFileType = sourcecode.c.c; path = "lookup-node.c"; sourceTree = "<group>"; };
		55E558691A34F276001FB51F /* lookup.c */ = {isa = PBXFileReference; lastKnownFileType = sourcecode.c.c; path = lookup.c; sourceTree = "<group>"; };
		55E5586A1A34F276001FB51F /* remove.c */ = {isa = PBXFileReference; lastKnownFileType = sourcecode.c.c; path = remove.c; sourceTree = "<group>"; };
		55E5586C1A34F276001FB51F /* hash-test.c */ = {isa = PBXFileReference; lastKnownFileType = sourcecode.c.c; lineEnding = 0; path = "hash-test.c"; sourceTree = "<group>"; xcLanguageSpecificationIdentifier = xcode.lang.c; };
		55E5586D1A34F276001FB51F /* walk-cont.c */ = {isa = PBXFileReference; lastKnownFileType = sourcecode.c.c; lineEnding = 0; path = "walk-cont.c"; sourceTree = "<group>"; xcLanguageSpecificationIdentifier = xcode.lang.c; };
		55E5586E1A34F276001FB51F /* walk.c */ = {isa = PBXFileReference; lastKnownFileType = sourcecode.c.c; path = walk.c; sourceTree = "<group>"; };
		55E558701A34F276001FB51F /* append.c */ = {isa = PBXFileReference; lastKnownFileType = sourcecode.c.c; lineEnding = 0; path = append.c; sourceTree = "<group>"; xcLanguageSpecificationIdentifier = xcode.lang.c; };
		55E558711A34F276001FB51F /* copy.c */ = {isa = PBXFileReference; lastKnownFileType = sourcecode.c.c; lineEnding = 0; path = copy.c; sourceTree = "<group>"; xcLanguageSpecificationIdentifier = xcode.lang.c; };
		55E558721A34F276001FB51F /* free.c */ = {isa = PBXFileReference; lastKnownFileType = sourcecode.c.c; lineEnding = 0; path = free.c; sourceTree = "<group>"; xcLanguageSpecificationIdentifier = xcode.lang.c; };
		55E558731A34F276001FB51F /* impl.h */ = {isa = PBXFileReference; lastKnownFileType = sourcecode.c.h; path = impl.h; sourceTree = "<group>"; };
		55E558741A34F276001FB51F /* length.c */ = {isa = PBXFileReference; lastKnownFileType = sourcecode.c.c; lineEnding = 0; path = length.c; sourceTree = "<group>"; xcLanguageSpecificationIdentifier = xcode.lang.c; };
		55E558751A34F276001FB51F /* list.c */ = {isa = PBXFileReference; lastKnownFileType = sourcecode.c.c; lineEnding = 0; path = list.c; sourceTree = "<group>"; xcLanguageSpecificationIdentifier = xcode.lang.c; };
		55E558761A34F276001FB51F /* map.c */ = {isa = PBXFileReference; lastKnownFileType = sourcecode.c.c; lineEnding = 0; path = map.c; sourceTree = "<group>"; xcLanguageSpecificationIdentifier = xcode.lang.c; };
		55E558771A34F276001FB51F /* pop.c */ = {isa = PBXFileReference; lastKnownFileType = sourcecode.c.c; path = pop.c; sourceTree = "<group>"; };
		55E558781A34F276001FB51F /* push.c */ = {isa = PBXFileReference; lastKnownFileType = sourcecode.c.c; path = push.c; sourceTree = "<group>"; };
		55E558791A34F276001FB51F /* reverse.c */ = {isa = PBXFileReference; lastKnownFileType = sourcecode.c.c; path = reverse.c; sourceTree = "<group>"; };
		55E5587A1A34F276001FB51F /* to-array.c */ = {isa = PBXFileReference; lastKnownFileType = sourcecode.c.c; path = "to-array.c"; sourceTree = "<group>"; };
		55E5587C1A34F276001FB51F /* add-head.c */ = {isa = PBXFileReference; lastKnownFileType = sourcecode.c.c; path = "add-head.c"; sourceTree = "<group>"; };
		55E5587D1A34F276001FB51F /* find.c */ = {isa = PBXFileReference; lastKnownFileType = sourcecode.c.c; path = find.c; sourceTree = "<group>"; };
		55E5587E1A34F276001FB51F /* init.c */ = {isa = PBXFileReference; lastKnownFileType = sourcecode.c.c; path = init.c; sourceTree = "<group>"; };
		55E5587F1A34F276001FB51F /* remove.c */ = {isa = PBXFileReference; lastKnownFileType = sourcecode.c.c; path = remove.c; sourceTree = "<group>"; };
		55E558811A34F276001FB51F /* list-test.c */ = {isa = PBXFileReference; lastKnownFileType = sourcecode.c.c; path = "list-test.c"; sourceTree = "<group>"; };
		55E558821A34F276001FB51F /* walk.c */ = {isa = PBXFileReference; lastKnownFileType = sourcecode.c.c; path = walk.c; sourceTree = "<group>"; };
		55E558841A34F276001FB51F /* copy.c */ = {isa = PBXFileReference; lastKnownFileType = sourcecode.c.c; lineEnding = 0; path = copy.c; sourceTree = "<group>"; xcLanguageSpecificationIdentifier = xcode.lang.c; };
		55E558851A34F276001FB51F /* delete.c */ = {isa = PBXFileReference; lastKnownFileType = sourcecode.c.c; path = delete.c; sourceTree = "<group>"; };
		55E558861A34F276001FB51F /* depth.c */ = {isa = PBXFileReference; lastKnownFileType = sourcecode.c.c; path = depth.c; sourceTree = "<group>"; };
		55E558871A34F276001FB51F /* first-child.c */ = {isa = PBXFileReference; lastKnownFileType = sourcecode.c.c; path = "first-child.c"; sourceTree = "<group>"; };
		55E558881A34F276001FB51F /* free.c */ = {isa = PBXFileReference; lastKnownFileType = sourcecode.c.c; lineEnding = 0; path = free.c; sourceTree = "<group>"; xcLanguageSpecificationIdentifier = xcode.lang.c; };
		55E558891A34F276001FB51F /* get-data.c */ = {isa = PBXFileReference; lastKnownFileType = sourcecode.c.c; path = "get-data.c"; sourceTree = "<group>"; };
		55E5588A1A34F276001FB51F /* impl.h */ = {isa = PBXFileReference; lastKnownFileType = sourcecode.c.h; path = impl.h; sourceTree = "<group>"; };
		55E5588B1A34F276001FB51F /* insert-after.c */ = {isa = PBXFileReference; lastKnownFileType = sourcecode.c.c; lineEnding = 0; path = "insert-after.c"; sourceTree = "<group>"; xcLanguageSpecificationIdentifier = xcode.lang.c; };
		55E5588C1A34F276001FB51F /* insert-before.c */ = {isa = PBXFileReference; lastKnownFileType = sourcecode.c.c; lineEnding = 0; path = "insert-before.c"; sourceTree = "<group>"; xcLanguageSpecificationIdentifier = xcode.lang.c; };
		55E5588D1A34F276001FB51F /* insert.c */ = {isa = PBXFileReference; lastKnownFileType = sourcecode.c.c; lineEnding = 0; path = insert.c; sourceTree = "<group>"; xcLanguageSpecificationIdentifier = xcode.lang.c; };
		55E5588E1A34F276001FB51F /* last-child.c */ = {isa = PBXFileReference; lastKnownFileType = sourcecode.c.c; path = "last-child.c"; sourceTree = "<group>"; };
		55E5588F1A34F276001FB51F /* max-height.c */ = {isa = PBXFileReference; lastKnownFileType = sourcecode.c.c; path = "max-height.c"; sourceTree = "<group>"; };
		55E558901A34F276001FB51F /* n-nodes.c */ = {isa = PBXFileReference; lastKnownFileType = sourcecode.c.c; lineEnding = 0; path = "n-nodes.c"; sourceTree = "<group>"; xcLanguageSpecificationIdentifier = xcode.lang.c; };
		55E558911A34F276001FB51F /* new.c */ = {isa = PBXFileReference; lastKnownFileType = sourcecode.c.c; lineEnding = 0; path = new.c; sourceTree = "<group>"; xcLanguageSpecificationIdentifier = xcode.lang.c; };
		55E558921A34F276001FB51F /* next-sibling.c */ = {isa = PBXFileReference; lastKnownFileType = sourcecode.c.c; path = "next-sibling.c"; sourceTree = "<group>"; };
		55E558931A34F276001FB51F /* nth-child.c */ = {isa = PBXFileReference; lastKnownFileType = sourcecode.c.c; path = "nth-child.c"; sourceTree = "<group>"; };
		55E558941A34F276001FB51F /* parent.c */ = {isa = PBXFileReference; lastKnownFileType = sourcecode.c.c; path = parent.c; sourceTree = "<group>"; };
		55E558951A34F276001FB51F /* prepend.c */ = {isa = PBXFileReference; lastKnownFileType = sourcecode.c.c; lineEnding = 0; path = prepend.c; sourceTree = "<group>"; xcLanguageSpecificationIdentifier = xcode.lang.c; };
		55E558961A34F276001FB51F /* prev-sibling.c */ = {isa = PBXFileReference; lastKnownFileType = sourcecode.c.c; path = "prev-sibling.c"; sourceTree = "<group>"; };
		55E558971A34F276001FB51F /* set-data.c */ = {isa = PBXFileReference; lastKnownFileType = sourcecode.c.c; path = "set-data.c"; sourceTree = "<group>"; };
		55E558991A34F276001FB51F /* ntree-test.c */ = {isa = PBXFileReference; lastKnownFileType = sourcecode.c.c; lineEnding = 0; path = "ntree-test.c"; sourceTree = "<group>"; xcLanguageSpecificationIdentifier = xcode.lang.c; };
		55E5589A1A34F276001FB51F /* unlink.c */ = {isa = PBXFileReference; lastKnownFileType = sourcecode.c.c; path = unlink.c; sourceTree = "<group>"; };
		55E5589B1A34F276001FB51F /* walk.c */ = {isa = PBXFileReference; lastKnownFileType = sourcecode.c.c; lineEnding = 0; path = walk.c; sourceTree = "<group>"; xcLanguageSpecificationIdentifier = xcode.lang.c; };
		55E5589D1A34F276001FB51F /* clear.c */ = {isa = PBXFileReference; lastKnownFileType = sourcecode.c.c; lineEnding = 0; path = clear.c; sourceTree = "<group>"; xcLanguageSpecificationIdentifier = xcode.lang.c; };
		55E5589E1A34F276001FB51F /* create.c */ = {isa = PBXFileReference; lastKnownFileType = sourcecode.c.c; lineEnding = 0; path = create.c; sourceTree = "<group>"; xcLanguageSpecificationIdentifier = xcode.lang.c; };
		55E5589F1A34F276001FB51F /* destroy.c */ = {isa = PBXFileReference; lastKnownFileType = sourcecode.c.c; lineEnding = 0; path = destroy.c; sourceTree = "<group>"; xcLanguageSpecificationIdentifier = xcode.lang.c; };
		55E558A01A34F276001FB51F /* get.c */ = {isa = PBXFileReference; lastKnownFileType = sourcecode.c.c; lineEnding = 0; path = get.c; sourceTree = "<group>"; xcLanguageSpecificationIdentifier = xcode.lang.c; };
		55E558A11A34F276001FB51F /* impl.h */ = {isa = PBXFileReference; lastKnownFileType = sourcecode.c.h; path = impl.h; sourceTree = "<group>"; };
		55E558A21A34F276001FB51F /* length.c */ = {isa = PBXFileReference; lastKnownFileType = sourcecode.c.c; lineEnding = 0; path = length.c; sourceTree = "<group>"; xcLanguageSpecificationIdentifier = xcode.lang.c; };
		55E558A31A34F276001FB51F /* set-length.c */ = {isa = PBXFileReference; lastKnownFileType = sourcecode.c.c; lineEnding = 0; path = "set-length.c"; sourceTree = "<group>"; xcLanguageSpecificationIdentifier = xcode.lang.c; };
		55E558A41A34F276001FB51F /* set-width.c */ = {isa = PBXFileReference; lastKnownFileType = sourcecode.c.c; lineEnding = 0; path = "set-width.c"; sourceTree = "<group>"; xcLanguageSpecificationIdentifier = xcode.lang.c; };
		55E558A61A34F276001FB51F /* vector-test.c */ = {isa = PBXFileReference; lastKnownFileType = sourcecode.c.c; path = "vector-test.c"; sourceTree = "<group>"; };
		55E558A71A34F276001FB51F /* width.c */ = {isa = PBXFileReference; lastKnownFileType = sourcecode.c.c; path = width.c; sourceTree = "<group>"; };
		55E559021A350014001FB51F /* digest-db.h */ = {isa = PBXFileReference; lastKnownFileType = sourcecode.c.h; path = "digest-db.h"; sourceTree = "<group>"; };
		55E559031A350014001FB51F /* filename-db.h */ = {isa = PBXFileReference; lastKnownFileType = sourcecode.c.h; path = "filename-db.h"; sourceTree = "<group>"; };
		55E559041A350014001FB51F /* pickle-reader-hash.h */ = {isa = PBXFileReference; lastKnownFileType = sourcecode.c.h; path = "pickle-reader-hash.h"; sourceTree = "<group>"; };
		55E559051A350014001FB51F /* pickle-writer-hash.h */ = {isa = PBXFileReference; lastKnownFileType = sourcecode.c.h; path = "pickle-writer-hash.h"; sourceTree = "<group>"; };
		55E559061A350014001FB51F /* pickle.h */ = {isa = PBXFileReference; lastKnownFileType = sourcecode.c.h; path = pickle.h; sourceTree = "<group>"; };
		55E559071A350014001FB51F /* tag-db.h */ = {isa = PBXFileReference; lastKnownFileType = sourcecode.c.h; path = "tag-db.h"; sourceTree = "<group>"; };
		55E5590A1A350037001FB51F /* digest-db.c */ = {isa = PBXFileReference; lastKnownFileType = sourcecode.c.c; path = "digest-db.c"; sourceTree = "<group>"; };
		55E5590C1A350037001FB51F /* filename-db.c */ = {isa = PBXFileReference; lastKnownFileType = sourcecode.c.c; path = "filename-db.c"; sourceTree = "<group>"; };
		55E5590E1A350037001FB51F /* delete.c */ = {isa = PBXFileReference; lastKnownFileType = sourcecode.c.c; path = delete.c; sourceTree = "<group>"; };
		55E5590F1A350037001FB51F /* hash-reader.c */ = {isa = PBXFileReference; lastKnownFileType = sourcecode.c.c; path = "hash-reader.c"; sourceTree = "<group>"; };
		55E559101A350037001FB51F /* hash-writer.c */ = {isa = PBXFileReference; lastKnownFileType = sourcecode.c.c; path = "hash-writer.c"; sourceTree = "<group>"; };
		55E559111A350037001FB51F /* pickle.c */ = {isa = PBXFileReference; lastKnownFileType = sourcecode.c.c; path = pickle.c; sourceTree = "<group>"; };
		55E559131A350037001FB51F /* pickle-test.c */ = {isa = PBXFileReference; lastKnownFileType = sourcecode.c.c; path = "pickle-test.c"; sourceTree = "<group>"; };
		55E559141A350037001FB51F /* unpickle.c */ = {isa = PBXFileReference; lastKnownFileType = sourcecode.c.c; path = unpickle.c; sourceTree = "<group>"; };
		55E559161A350037001FB51F /* tag-db.c */ = {isa = PBXFileReference; lastKnownFileType = sourcecode.c.c; path = "tag-db.c"; sourceTree = "<group>"; };
		55E559181A350037001FB51F /* tag-db-test.c */ = {isa = PBXFileReference; lastKnownFileType = sourcecode.c.c; path = "tag-db-test.c"; sourceTree = "<group>"; };
		55E559231A3A60E5001FB51F /* layout.c */ = {isa = PBXFileReference; fileEncoding = 4; lastKnownFileType = sourcecode.c.c; path = layout.c; sourceTree = "<group>"; };
		55E559251A3A60E5001FB51F /* layout-test.c */ = {isa = PBXFileReference; fileEncoding = 4; lastKnownFileType = sourcecode.c.c; path = "layout-test.c"; sourceTree = "<group>"; };
		55E559291A3A6106001FB51F /* layout.h */ = {isa = PBXFileReference; lastKnownFileType = sourcecode.c.h; path = layout.h; sourceTree = "<group>"; };
		55E569591DA19A3D002F5E0B /* cache.h */ = {isa = PBXFileReference; lastKnownFileType = sourcecode.c.h; path = cache.h; sourceTree = "<group>"; };
		55E5695D1DA19B70002F5E0B /* cache.c */ = {isa = PBXFileReference; fileEncoding = 4; lastKnownFileType = sourcecode.c.c; name = cache.c; path = datastruct/cache/cache.c; sourceTree = "<group>"; };
		55E569601DA19C27002F5E0B /* cache-test.c */ = {isa = PBXFileReference; fileEncoding = 4; lastKnownFileType = sourcecode.c.c; name = "cache-test.c"; path = "datastruct/cache/test/cache-test.c"; sourceTree = "<group>"; };
		55EC240D1B62EB8E00AD9D28 /* count.c */ = {isa = PBXFileReference; fileEncoding = 4; lastKnownFileType = sourcecode.c.c; path = count.c; sourceTree = "<group>"; };
		55F7DFE91A373E9000A64017 /* DPTLibTest */ = {isa = PBXFileReference; explicitFileType = "compiled.mach-o.executable"; includeInIndex = 0; path = DPTLibTest; sourceTree = BUILT_PRODUCTS_DIR; };
		55F7E0131A38E38100A64017 /* contains-box.c */ = {isa = PBXFileReference; fileEncoding = 4; lastKnownFileType = sourcecode.c.c; path = "contains-box.c"; sourceTree = "<group>"; };
		55F7E0141A38E38100A64017 /* contains-point.c */ = {isa = PBXFileReference; fileEncoding = 4; lastKnownFileType = sourcecode.c.c; path = "contains-point.c"; sourceTree = "<group>"; };
		55F7E0151A38E38100A64017 /* could-hold.c */ = {isa = PBXFileReference; fileEncoding = 4; lastKnownFileType = sourcecode.c.c; path = "could-hold.c"; sourceTree = "<group>"; };
		55F7E0161A38E38100A64017 /* grow.c */ = {isa = PBXFileReference; fileEncoding = 4; lastKnownFileType = sourcecode.c.c; path = grow.c; sourceTree = "<group>"; };
		55F7E0171A38E38100A64017 /* intersection.c */ = {isa = PBXFileReference; fileEncoding = 4; lastKnownFileType = sourcecode.c.c; path = intersection.c; sourceTree = "<group>"; };
		55F7E0181A38E38100A64017 /* intersects.c */ = {isa = PBXFileReference; fileEncoding = 4; lastKnownFileType = sourcecode.c.c; path = intersects.c; sourceTree = "<group>"; };
		55F7E0191A38E38100A64017 /* is-empty.c */ = {isa = PBXFileReference; fileEncoding = 4; lastKnownFileType = sourcecode.c.c; path = "is-empty.c"; sourceTree = "<group>"; };
		55F7E01A1A38E38100A64017 /* round.c */ = {isa = PBXFileReference; fileEncoding = 4; lastKnownFileType = sourcecode.c.c; path = round.c; sourceTree = "<group>"; };
		55F7E01B1A38E38100A64017 /* round4.c */ = {isa = PBXFileReference; fileEncoding = 4; lastKnownFileType = sourcecode.c.c; path = round4.c; sourceTree = "<group>"; };
		55F7E01C1A38E38100A64017 /* union.c */ = {isa = PBXFileReference; fileEncoding = 4; lastKnownFileType = sourcecode.c.c; path = union.c; sourceTree = "<group>"; };
		55F7E0271A39178100A64017 /* packer.h */ = {isa = PBXFileReference; lastKnownFileType = sourcecode.c.h; path = packer.h; sourceTree = "<group>"; };
		55F7E02A1A39183300A64017 /* impl.h */ = {isa = PBXFileReference; fileEncoding = 4; lastKnownFileType = sourcecode.c.h; path = impl.h; sourceTree = "<group>"; };
		55F7E02B1A39183300A64017 /* packer.c */ = {isa = PBXFileReference; fileEncoding = 4; lastKnownFileType = sourcecode.c.c; path = packer.c; sourceTree = "<group>"; };
		55F7E02D1A39183300A64017 /* packer-test.c */ = {isa = PBXFileReference; fileEncoding = 4; lastKnownFileType = sourcecode.c.c; path = "packer-test.c"; sourceTree = "<group>"; };
		55F7E0331A391A6600A64017 /* txtscr.h */ = {isa = PBXFileReference; fileEncoding = 4; lastKnownFileType = sourcecode.c.h; path = txtscr.h; sourceTree = "<group>"; };
		55F7E0361A391AA800A64017 /* txtscr.c */ = {isa = PBXFileReference; fileEncoding = 4; lastKnownFileType = sourcecode.c.c; path = txtscr.c; sourceTree = "<group>"; };
/* End PBXFileReference section */

/* Begin PBXFrameworksBuildPhase section */
		55F7DFE61A373E9000A64017 /* Frameworks */ = {
			isa = PBXFrameworksBuildPhase;
			buildActionMask = 2147483647;
			files = (
				55F7DFFE1A3742F900A64017 /* libDPTLib.a in Frameworks */,
			);
			runOnlyForDeploymentPostprocessing = 0;
		};
/* End PBXFrameworksBuildPhase section */

/* Begin PBXGroup section */
		55511B471A40F49000D572A7 /* test */ = {
			isa = PBXGroup;
			children = (
				55511B481A40F49000D572A7 /* stream-test.c */,
			);
			path = test;
			sourceTree = "<group>";
		};
		55513741165456FA007F3565 = {
			isa = PBXGroup;
			children = (
				55DC561F1A5DB44E003A2985 /* apps */,
				5551375316545786007F3565 /* include */,
				5551377216545786007F3565 /* libraries */,
				5551374D165456FA007F3565 /* Products */,
			);
			indentWidth = 2;
			sourceTree = "<group>";
			tabWidth = 8;
			usesTabs = 0;
			wrapsLines = 0;
		};
		5551374D165456FA007F3565 /* Products */ = {
			isa = PBXGroup;
			children = (
				5551374C165456FA007F3565 /* libDPTLib.a */,
				55F7DFE91A373E9000A64017 /* DPTLibTest */,
			);
			name = Products;
			sourceTree = "<group>";
		};
		5551375316545786007F3565 /* include */ = {
			isa = PBXGroup;
			children = (
				5551375416545786007F3565 /* base */,
				55E559011A350014001FB51F /* databases */,
				55E558131A34893A001FB51F /* datastruct */,
				5551375916545786007F3565 /* framebuf */,
				5551375E16545786007F3565 /* geom */,
				5551376016545786007F3565 /* io */,
				55F7E0311A391A6600A64017 /* test */,
				5551376C16545786007F3565 /* utils */,
			);
			name = include;
			path = ../../include;
			sourceTree = "<group>";
		};
		5551375416545786007F3565 /* base */ = {
			isa = PBXGroup;
			children = (
				5551375516545786007F3565 /* debug.h */,
				5551375616545786007F3565 /* result.h */,
				5551375816545786007F3565 /* types.h */,
				55A2FB281B7A45080047C488 /* utils.h */,
			);
			path = base;
			sourceTree = "<group>";
		};
		5551375916545786007F3565 /* framebuf */ = {
			isa = PBXGroup;
			children = (
				5551375A16545786007F3565 /* bitmap-set.h */,
				5551375B16545786007F3565 /* bitmap.h */,
				55E055FD1CA49C740036BDDE /* composite.h */,
				5551375C16545786007F3565 /* pixelfmt.h */,
				5551375D16545786007F3565 /* screen.h */,
			);
			path = framebuf;
			sourceTree = "<group>";
		};
		5551375E16545786007F3565 /* geom */ = {
			isa = PBXGroup;
			children = (
				5551375F16545786007F3565 /* box.h */,
				55E559291A3A6106001FB51F /* layout.h */,
				55F7E0271A39178100A64017 /* packer.h */,
				551FE0C91B723B9D00F49B70 /* point.h */,
			);
			path = geom;
			sourceTree = "<group>";
		};
		5551376016545786007F3565 /* io */ = {
			isa = PBXGroup;
			children = (
				5551376116545786007F3565 /* stream-mem.h */,
				55511B501A40F50C00D572A7 /* stream-mtfcomp.h */,
				55511B511A40F50C00D572A7 /* stream-packbits.h */,
				5551376216545786007F3565 /* stream-stdio.h */,
				5551376316545786007F3565 /* stream.h */,
			);
			path = io;
			sourceTree = "<group>";
		};
		5551376C16545786007F3565 /* utils */ = {
			isa = PBXGroup;
			children = (
				5551376D16545786007F3565 /* array.h */,
				5551376E16545786007F3565 /* barith.h */,
				55E557EB1A336220001FB51F /* bsearch.h */,
				55E557F61A33776A001FB51F /* bytesex.h */,
				55E558091A338F42001FB51F /* fxp.h */,
				55E558181A3491D1001FB51F /* maths.h */,
				5551377116545786007F3565 /* pack.h */,
				55E558141A348961001FB51F /* primes.h */,
			);
			path = utils;
			sourceTree = "<group>";
		};
		5551377216545786007F3565 /* libraries */ = {
			isa = PBXGroup;
			children = (
				55A1D6B91A3139CA00CFC972 /* base */,
				55E559081A350037001FB51F /* databases */,
				55E558361A34F269001FB51F /* datastruct */,
				5551377316545786007F3565 /* framebuf */,
				5551377516545786007F3565 /* geom */,
				5551377916545786007F3565 /* io */,
				55F7E0341A391AA800A64017 /* test */,
				5551379416545786007F3565 /* utils */,
			);
			name = libraries;
			path = ../../libraries;
			sourceTree = "<group>";
		};
		5551377316545786007F3565 /* framebuf */ = {
			isa = PBXGroup;
			children = (
				55E055FA1CA49C310036BDDE /* composite */,
				55F7DFE41A3723C500A64017 /* pixelfmt */,
			);
			path = framebuf;
			sourceTree = "<group>";
		};
		5551377516545786007F3565 /* geom */ = {
			isa = PBXGroup;
			children = (
				5551377616545786007F3565 /* box */,
				55E559221A3A60E5001FB51F /* layout */,
				55F7E0291A39183300A64017 /* packer */,
			);
			path = geom;
			sourceTree = "<group>";
		};
		5551377616545786007F3565 /* box */ = {
			isa = PBXGroup;
			children = (
				55F7E0131A38E38100A64017 /* contains-box.c */,
				55F7E0141A38E38100A64017 /* contains-point.c */,
				55F7E0151A38E38100A64017 /* could-hold.c */,
				55F7E0161A38E38100A64017 /* grow.c */,
				55F7E0171A38E38100A64017 /* intersection.c */,
				55F7E0181A38E38100A64017 /* intersects.c */,
				55F7E0191A38E38100A64017 /* is-empty.c */,
				5563C4511BAACF3200CD1461 /* reset.c */,
				55F7E01A1A38E38100A64017 /* round.c */,
				55F7E01B1A38E38100A64017 /* round4.c */,
				55F7E01C1A38E38100A64017 /* union.c */,
			);
			path = box;
			sourceTree = "<group>";
		};
		5551377916545786007F3565 /* io */ = {
			isa = PBXGroup;
			children = (
				5551377A16545786007F3565 /* stream */,
			);
			path = io;
			sourceTree = "<group>";
		};
		5551377A16545786007F3565 /* stream */ = {
			isa = PBXGroup;
			children = (
				5551377B16545786007F3565 /* stream-mem.c */,
				55511B4A1A40F4CD00D572A7 /* stream-mtfcomp.c */,
				55511B4B1A40F4CD00D572A7 /* stream-packbitscomp.c */,
				55511B4C1A40F4CD00D572A7 /* stream-packbitsdecomp.c */,
				5551377C16545786007F3565 /* stream-stdio.c */,
				5551377D16545786007F3565 /* stream.c */,
				55511B471A40F49000D572A7 /* test */,
			);
			path = stream;
			sourceTree = "<group>";
		};
		5551379416545786007F3565 /* utils */ = {
			isa = PBXGroup;
			children = (
				5551379516545786007F3565 /* array */,
				55B22A211A4062EF0022ED84 /* barith */,
				55E557EC1A33628D001FB51F /* bsearch */,
				55E557F71A337785001FB51F /* bytesex */,
				55E5580A1A338F6A001FB51F /* fxp */,
				55E558191A34926A001FB51F /* maths */,
				5551379A16545786007F3565 /* pack */,
				55E558151A3489A7001FB51F /* primes */,
			);
			path = utils;
			sourceTree = "<group>";
		};
		5551379516545786007F3565 /* array */ = {
			isa = PBXGroup;
			children = (
				55E558381A34F276001FB51F /* delelem.c */,
				55E558391A34F276001FB51F /* delelems.c */,
				5551379616545786007F3565 /* grow.c */,
				5551379716545786007F3565 /* shrink.c */,
				55E5583C1A34F276001FB51F /* squeeze.c */,
				55E5583D1A34F276001FB51F /* stretch.c */,
				55E5583E1A34F276001FB51F /* test */,
			);
			path = array;
			sourceTree = "<group>";
		};
		5551379A16545786007F3565 /* pack */ = {
			isa = PBXGroup;
			children = (
				5551379B16545786007F3565 /* pack.c */,
				5551379C16545786007F3565 /* unpack.c */,
			);
			path = pack;
			sourceTree = "<group>";
		};
		555E85B31A840E0300BBC66C /* test */ = {
			isa = PBXGroup;
			children = (
				555E85B41A840E4D00BBC66C /* bsearch-test.c */,
			);
			name = test;
			sourceTree = "<group>";
		};
		55A1D6B91A3139CA00CFC972 /* base */ = {
			isa = PBXGroup;
			children = (
			);
			name = base;
			sourceTree = "<group>";
		};
		55B22A211A4062EF0022ED84 /* barith */ = {
			isa = PBXGroup;
			children = (
				55B22A221A4063000022ED84 /* barith.c */,
			);
			path = barith;
			sourceTree = "<group>";
		};
		55CDA5861F490823006FC753 /* bitfifo */ = {
			isa = PBXGroup;
			children = (
				55CDA5871F49084C006FC753 /* bitfifo.c */,
				55CDA58A1F490923006FC753 /* test */,
			);
			name = bitfifo;
			path = datastruct/bitfifo;
			sourceTree = "<group>";
		};
		55CDA58A1F490923006FC753 /* test */ = {
			isa = PBXGroup;
			children = (
				55CDA58B1F49093A006FC753 /* bitfifo-test.c */,
			);
			path = test;
			sourceTree = "<group>";
		};
		55DC561F1A5DB44E003A2985 /* apps */ = {
			isa = PBXGroup;
			children = (
				55DC56201A5DB44E003A2985 /* test */,
			);
			name = apps;
			path = ../../apps;
			sourceTree = "<group>";
		};
		55DC56201A5DB44E003A2985 /* test */ = {
			isa = PBXGroup;
			children = (
				55DC56211A5DB44E003A2985 /* main.c */,
			);
			path = test;
			sourceTree = "<group>";
		};
		55E055FA1CA49C310036BDDE /* composite */ = {
			isa = PBXGroup;
			children = (
				55E055FB1CA49C3A0036BDDE /* composite.c */,
			);
			name = composite;
			sourceTree = "<group>";
		};
		55E557EC1A33628D001FB51F /* bsearch */ = {
			isa = PBXGroup;
			children = (
				55E557ED1A33628D001FB51F /* bsearch-impl.h */,
				55E557EE1A33628D001FB51F /* bsearch-int.c */,
				55E557EF1A33628D001FB51F /* bsearch-short.c */,
				55E557F01A33628D001FB51F /* bsearch-uint.c */,
				55E557F11A33628D001FB51F /* bsearch-ushort.c */,
				555E85B31A840E0300BBC66C /* test */,
			);
			path = bsearch;
			sourceTree = "<group>";
		};
		55E557F71A337785001FB51F /* bytesex */ = {
			isa = PBXGroup;
			children = (
				55E557F81A337785001FB51F /* rev-l-block.c */,
				55E557F91A337785001FB51F /* rev-l-m.c */,
				55E557FA1A337785001FB51F /* rev-l.c */,
				55E557FB1A337785001FB51F /* rev-s-block.c */,
				55E557FC1A337785001FB51F /* rev-s-m.c */,
				55E557FD1A337785001FB51F /* rev-s-pair-m.c */,
				55E557FE1A337785001FB51F /* rev-s-pair.c */,
				55E557FF1A337785001FB51F /* rev-s.c */,
				55E558001A337785001FB51F /* util.h */,
			);
			path = bytesex;
			sourceTree = "<group>";
		};
		55E5580A1A338F6A001FB51F /* fxp */ = {
			isa = PBXGroup;
			children = (
				55E5580B1A338F6A001FB51F /* smull-fxp16.c */,
				55E558101A338F6A001FB51F /* umull-fxp16.c */,
			);
			path = fxp;
			sourceTree = "<group>";
		};
		55E558131A34893A001FB51F /* datastruct */ = {
			isa = PBXGroup;
			children = (
				55E5582E1A34F25E001FB51F /* atom.h */,
				55E5582F1A34F25E001FB51F /* bitarr.h */,
				55CDA5891F490863006FC753 /* bitfifo.h */,
				55E558301A34F25E001FB51F /* bitvec.h */,
				55E569591DA19A3D002F5E0B /* cache.h */,
				55E558311A34F25E001FB51F /* hash.h */,
				55E558321A34F25E001FB51F /* hlist.h */,
				55E558331A34F25E001FB51F /* list.h */,
				55E558341A34F25E001FB51F /* ntree.h */,
				55E558351A34F25E001FB51F /* vector.h */,
			);
			path = datastruct;
			sourceTree = "<group>";
		};
		55E558151A3489A7001FB51F /* primes */ = {
			isa = PBXGroup;
			children = (
				55E558161A3489A7001FB51F /* primes.c */,
			);
			path = primes;
			sourceTree = "<group>";
		};
		55E558191A34926A001FB51F /* maths */ = {
			isa = PBXGroup;
			children = (
				55E5581A1A34926A001FB51F /* degs-to-rads.c */,
				55E5581B1A34926A001FB51F /* gcd.c */,
			);
			path = maths;
			sourceTree = "<group>";
		};
		55E558361A34F269001FB51F /* datastruct */ = {
			isa = PBXGroup;
			children = (
				55E558401A34F276001FB51F /* atom */,
				55E5584C1A34F276001FB51F /* bitarr */,
				55CDA5861F490823006FC753 /* bitfifo */,
				55E558501A34F276001FB51F /* bitvec */,
				55E5695B1DA19B3E002F5E0B /* cache */,
				55E558631A34F276001FB51F /* hash */,
				55E5586F1A34F276001FB51F /* hlist */,
				55E5587B1A34F276001FB51F /* list */,
				55E558831A34F276001FB51F /* ntree */,
				55E5589C1A34F276001FB51F /* vector */,
			);
			name = datastruct;
			sourceTree = "<group>";
		};
		55E5583E1A34F276001FB51F /* test */ = {
			isa = PBXGroup;
			children = (
				55E5583F1A34F276001FB51F /* array-test.c */,
			);
			path = test;
			sourceTree = "<group>";
		};
		55E558401A34F276001FB51F /* atom */ = {
			isa = PBXGroup;
			children = (
				55E558411A34F276001FB51F /* create.c */,
				55E558421A34F276001FB51F /* delete-block.c */,
				55E558431A34F276001FB51F /* delete.c */,
				55E558441A34F276001FB51F /* destroy.c */,
				55E558451A34F276001FB51F /* for-block.c */,
				55E558461A34F276001FB51F /* get.c */,
				55E558471A34F276001FB51F /* impl.h */,
				55E558481A34F276001FB51F /* new.c */,
				55E558491A34F276001FB51F /* set.c */,
				55E5584A1A34F276001FB51F /* test */,
			);
			name = atom;
			path = datastruct/atom;
			sourceTree = "<group>";
		};
		55E5584A1A34F276001FB51F /* test */ = {
			isa = PBXGroup;
			children = (
				55E5584B1A34F276001FB51F /* atom-test.c */,
			);
			path = test;
			sourceTree = "<group>";
		};
		55E5584C1A34F276001FB51F /* bitarr */ = {
			isa = PBXGroup;
			children = (
				55E5584D1A34F276001FB51F /* count.c */,
				55E5584E1A34F276001FB51F /* test */,
			);
			name = bitarr;
			path = datastruct/bitarr;
			sourceTree = "<group>";
		};
		55E5584E1A34F276001FB51F /* test */ = {
			isa = PBXGroup;
			children = (
				55E5584F1A34F276001FB51F /* bitarr-test.c */,
			);
			path = test;
			sourceTree = "<group>";
		};
		55E558501A34F276001FB51F /* bitvec */ = {
			isa = PBXGroup;
			children = (
				55E558511A34F276001FB51F /* and.c */,
				55E558521A34F276001FB51F /* clear-all.c */,
				55E558531A34F276001FB51F /* clear.c */,
				55E558541A34F276001FB51F /* count.c */,
				55E558551A34F276001FB51F /* create.c */,
				55E558561A34F276001FB51F /* destroy.c */,
				55E558571A34F276001FB51F /* ensure.c */,
				55E558581A34F276001FB51F /* eq.c */,
				55E558591A34F276001FB51F /* get.c */,
				55E5585A1A34F276001FB51F /* impl.h */,
				55E5585B1A34F276001FB51F /* length.c */,
				55E5585C1A34F276001FB51F /* next.c */,
				55E5585D1A34F276001FB51F /* or.c */,
				55E5585E1A34F276001FB51F /* set-all.c */,
				55E5585F1A34F276001FB51F /* set.c */,
				55E558601A34F276001FB51F /* test */,
				55E558621A34F276001FB51F /* toggle.c */,
			);
			name = bitvec;
			path = datastruct/bitvec;
			sourceTree = "<group>";
		};
		55E558601A34F276001FB51F /* test */ = {
			isa = PBXGroup;
			children = (
				55E558611A34F276001FB51F /* bitvec-test.c */,
			);
			path = test;
			sourceTree = "<group>";
		};
		55E558631A34F276001FB51F /* hash */ = {
			isa = PBXGroup;
			children = (
				55EC240D1B62EB8E00AD9D28 /* count.c */,
				55E558641A34F276001FB51F /* create.c */,
				55E558651A34F276001FB51F /* destroy.c */,
				55E558661A34F276001FB51F /* impl.h */,
				55E558671A34F276001FB51F /* insert.c */,
				55E558681A34F276001FB51F /* lookup-node.c */,
				55E558691A34F276001FB51F /* lookup.c */,
				55E5586A1A34F276001FB51F /* remove.c */,
				55E5586B1A34F276001FB51F /* test */,
				55E5586D1A34F276001FB51F /* walk-cont.c */,
				55E5586E1A34F276001FB51F /* walk.c */,
			);
			name = hash;
			path = datastruct/hash;
			sourceTree = "<group>";
		};
		55E5586B1A34F276001FB51F /* test */ = {
			isa = PBXGroup;
			children = (
				55E5586C1A34F276001FB51F /* hash-test.c */,
			);
			path = test;
			sourceTree = "<group>";
		};
		55E5586F1A34F276001FB51F /* hlist */ = {
			isa = PBXGroup;
			children = (
				55E558701A34F276001FB51F /* append.c */,
				55E558711A34F276001FB51F /* copy.c */,
				55E558721A34F276001FB51F /* free.c */,
				55E558731A34F276001FB51F /* impl.h */,
				55E558741A34F276001FB51F /* length.c */,
				55E558751A34F276001FB51F /* list.c */,
				55E558761A34F276001FB51F /* map.c */,
				55E558771A34F276001FB51F /* pop.c */,
				55E558781A34F276001FB51F /* push.c */,
				55E558791A34F276001FB51F /* reverse.c */,
				55E5587A1A34F276001FB51F /* to-array.c */,
			);
			name = hlist;
			path = datastruct/hlist;
			sourceTree = "<group>";
		};
		55E5587B1A34F276001FB51F /* list */ = {
			isa = PBXGroup;
			children = (
				55E5587C1A34F276001FB51F /* add-head.c */,
				55E5587D1A34F276001FB51F /* find.c */,
				55E5587E1A34F276001FB51F /* init.c */,
				55E5587F1A34F276001FB51F /* remove.c */,
				55E558801A34F276001FB51F /* test */,
				55E558821A34F276001FB51F /* walk.c */,
			);
			name = list;
			path = datastruct/list;
			sourceTree = "<group>";
		};
		55E558801A34F276001FB51F /* test */ = {
			isa = PBXGroup;
			children = (
				55E558811A34F276001FB51F /* list-test.c */,
			);
			path = test;
			sourceTree = "<group>";
		};
		55E558831A34F276001FB51F /* ntree */ = {
			isa = PBXGroup;
			children = (
				55E558841A34F276001FB51F /* copy.c */,
				55E558851A34F276001FB51F /* delete.c */,
				55E558861A34F276001FB51F /* depth.c */,
				55E558871A34F276001FB51F /* first-child.c */,
				55E558881A34F276001FB51F /* free.c */,
				55E558891A34F276001FB51F /* get-data.c */,
				55E5588A1A34F276001FB51F /* impl.h */,
				55E5588B1A34F276001FB51F /* insert-after.c */,
				55E5588C1A34F276001FB51F /* insert-before.c */,
				55E5588D1A34F276001FB51F /* insert.c */,
				55E5588E1A34F276001FB51F /* last-child.c */,
				55E5588F1A34F276001FB51F /* max-height.c */,
				55E558901A34F276001FB51F /* n-nodes.c */,
				55E558911A34F276001FB51F /* new.c */,
				55E558921A34F276001FB51F /* next-sibling.c */,
				55E558931A34F276001FB51F /* nth-child.c */,
				55E558941A34F276001FB51F /* parent.c */,
				55E558951A34F276001FB51F /* prepend.c */,
				55E558961A34F276001FB51F /* prev-sibling.c */,
				55E558971A34F276001FB51F /* set-data.c */,
				55E558981A34F276001FB51F /* test */,
				55E5589A1A34F276001FB51F /* unlink.c */,
				55E5589B1A34F276001FB51F /* walk.c */,
			);
			name = ntree;
			path = datastruct/ntree;
			sourceTree = "<group>";
		};
		55E558981A34F276001FB51F /* test */ = {
			isa = PBXGroup;
			children = (
				55E558991A34F276001FB51F /* ntree-test.c */,
			);
			path = test;
			sourceTree = "<group>";
		};
		55E5589C1A34F276001FB51F /* vector */ = {
			isa = PBXGroup;
			children = (
				55E5589D1A34F276001FB51F /* clear.c */,
				55E5589E1A34F276001FB51F /* create.c */,
				55E5589F1A34F276001FB51F /* destroy.c */,
				55E558A01A34F276001FB51F /* get.c */,
				55DC56261A61C951003A2985 /* set.c */,
				556DE20C1A49A1FB009BBE63 /* insert.c */,
				55E558A11A34F276001FB51F /* impl.h */,
				55E558A21A34F276001FB51F /* length.c */,
				55E558A31A34F276001FB51F /* set-length.c */,
				556DE20A1A49983C009BBE63 /* ensure.c */,
				55E558A41A34F276001FB51F /* set-width.c */,
				55E558A51A34F276001FB51F /* test */,
				55E558A71A34F276001FB51F /* width.c */,
			);
			name = vector;
			path = datastruct/vector;
			sourceTree = "<group>";
		};
		55E558A51A34F276001FB51F /* test */ = {
			isa = PBXGroup;
			children = (
				55E558A61A34F276001FB51F /* vector-test.c */,
			);
			path = test;
			sourceTree = "<group>";
		};
		55E559011A350014001FB51F /* databases */ = {
			isa = PBXGroup;
			children = (
				55E559021A350014001FB51F /* digest-db.h */,
				55E559031A350014001FB51F /* filename-db.h */,
				55E559041A350014001FB51F /* pickle-reader-hash.h */,
				55E559051A350014001FB51F /* pickle-writer-hash.h */,
				55E559061A350014001FB51F /* pickle.h */,
				55E559071A350014001FB51F /* tag-db.h */,
			);
			path = databases;
			sourceTree = "<group>";
		};
		55E559081A350037001FB51F /* databases */ = {
			isa = PBXGroup;
			children = (
				55E559091A350037001FB51F /* digest-db */,
				55E5590B1A350037001FB51F /* filename-db */,
				55E5590D1A350037001FB51F /* pickle */,
				55E559151A350037001FB51F /* tag-db */,
			);
			path = databases;
			sourceTree = "<group>";
		};
		55E559091A350037001FB51F /* digest-db */ = {
			isa = PBXGroup;
			children = (
				55E5590A1A350037001FB51F /* digest-db.c */,
			);
			path = "digest-db";
			sourceTree = "<group>";
		};
		55E5590B1A350037001FB51F /* filename-db */ = {
			isa = PBXGroup;
			children = (
				55E5590C1A350037001FB51F /* filename-db.c */,
			);
			path = "filename-db";
			sourceTree = "<group>";
		};
		55E5590D1A350037001FB51F /* pickle */ = {
			isa = PBXGroup;
			children = (
				55E5590E1A350037001FB51F /* delete.c */,
				55E5590F1A350037001FB51F /* hash-reader.c */,
				55E559101A350037001FB51F /* hash-writer.c */,
				55E559111A350037001FB51F /* pickle.c */,
				55E559121A350037001FB51F /* test */,
				55E559141A350037001FB51F /* unpickle.c */,
			);
			path = pickle;
			sourceTree = "<group>";
		};
		55E559121A350037001FB51F /* test */ = {
			isa = PBXGroup;
			children = (
				55E559131A350037001FB51F /* pickle-test.c */,
			);
			path = test;
			sourceTree = "<group>";
		};
		55E559151A350037001FB51F /* tag-db */ = {
			isa = PBXGroup;
			children = (
				55E559161A350037001FB51F /* tag-db.c */,
				55E559171A350037001FB51F /* test */,
			);
			path = "tag-db";
			sourceTree = "<group>";
		};
		55E559171A350037001FB51F /* test */ = {
			isa = PBXGroup;
			children = (
				55E559181A350037001FB51F /* tag-db-test.c */,
			);
			path = test;
			sourceTree = "<group>";
		};
		55E559221A3A60E5001FB51F /* layout */ = {
			isa = PBXGroup;
			children = (
				55E559231A3A60E5001FB51F /* layout.c */,
				55E559241A3A60E5001FB51F /* test */,
			);
			path = layout;
			sourceTree = "<group>";
		};
		55E559241A3A60E5001FB51F /* test */ = {
			isa = PBXGroup;
			children = (
				55E559251A3A60E5001FB51F /* layout-test.c */,
			);
			path = test;
			sourceTree = "<group>";
		};
		55E5695B1DA19B3E002F5E0B /* cache */ = {
			isa = PBXGroup;
			children = (
				55E5695D1DA19B70002F5E0B /* cache.c */,
				55E5695F1DA19C10002F5E0B /* test */,
			);
			name = cache;
			sourceTree = "<group>";
		};
		55E5695F1DA19C10002F5E0B /* test */ = {
			isa = PBXGroup;
			children = (
				55E569601DA19C27002F5E0B /* cache-test.c */,
			);
			name = test;
			sourceTree = "<group>";
		};
		55F7DFE41A3723C500A64017 /* pixelfmt */ = {
			isa = PBXGroup;
			children = (
				5551377416545786007F3565 /* log2bpp.c */,
			);
			path = pixelfmt;
			sourceTree = "<group>";
		};
		55F7E0291A39183300A64017 /* packer */ = {
			isa = PBXGroup;
			children = (
				55F7E02A1A39183300A64017 /* impl.h */,
				55F7E02B1A39183300A64017 /* packer.c */,
				55F7E02C1A39183300A64017 /* test */,
			);
			path = packer;
			sourceTree = "<group>";
		};
		55F7E02C1A39183300A64017 /* test */ = {
			isa = PBXGroup;
			children = (
				55F7E02D1A39183300A64017 /* packer-test.c */,
			);
			path = test;
			sourceTree = "<group>";
		};
		55F7E0311A391A6600A64017 /* test */ = {
			isa = PBXGroup;
			children = (
				55F7E0331A391A6600A64017 /* txtscr.h */,
			);
			path = test;
			sourceTree = "<group>";
		};
		55F7E0341A391AA800A64017 /* test */ = {
			isa = PBXGroup;
			children = (
				55F7E0351A391AA800A64017 /* txtscr */,
			);
			path = test;
			sourceTree = "<group>";
		};
		55F7E0351A391AA800A64017 /* txtscr */ = {
			isa = PBXGroup;
			children = (
				55F7E0361A391AA800A64017 /* txtscr.c */,
			);
			path = txtscr;
			sourceTree = "<group>";
		};
/* End PBXGroup section */

/* Begin PBXNativeTarget section */
		5551374B165456FA007F3565 /* DPTLib */ = {
			isa = PBXNativeTarget;
			buildConfigurationList = 55513750165456FA007F3565 /* Build configuration list for PBXNativeTarget "DPTLib" */;
			buildPhases = (
				55513748165456FA007F3565 /* Sources */,
			);
			buildRules = (
			);
			dependencies = (
			);
			name = DPTLib;
			productName = MotionMasks;
			productReference = 5551374C165456FA007F3565 /* libDPTLib.a */;
			productType = "com.apple.product-type.library.static";
		};
		55F7DFE81A373E9000A64017 /* DPTLibTest */ = {
			isa = PBXNativeTarget;
			buildConfigurationList = 55F7DFF11A373E9000A64017 /* Build configuration list for PBXNativeTarget "DPTLibTest" */;
			buildPhases = (
				55F7DFE51A373E9000A64017 /* Sources */,
				55F7DFE61A373E9000A64017 /* Frameworks */,
				55F7DFE71A373E9000A64017 /* CopyFiles */,
			);
			buildRules = (
			);
			dependencies = (
				55F7DFF31A373E9C00A64017 /* PBXTargetDependency */,
			);
			name = DPTLibTest;
			productName = DPTLibTest;
			productReference = 55F7DFE91A373E9000A64017 /* DPTLibTest */;
			productType = "com.apple.product-type.tool";
		};
/* End PBXNativeTarget section */

/* Begin PBXProject section */
		55513743165456FA007F3565 /* Project object */ = {
			isa = PBXProject;
			attributes = {
				LastUpgradeCheck = 0830;
				ORGANIZATIONNAME = "David Thomas";
			};
			buildConfigurationList = 55513746165456FA007F3565 /* Build configuration list for PBXProject "DPTLib" */;
			compatibilityVersion = "Xcode 3.2";
			developmentRegion = English;
			hasScannedForEncodings = 0;
			knownRegions = (
				en,
			);
			mainGroup = 55513741165456FA007F3565;
			productRefGroup = 5551374D165456FA007F3565 /* Products */;
			projectDirPath = "";
			projectRoot = "";
			targets = (
				5551374B165456FA007F3565 /* DPTLib */,
				55F7DFE81A373E9000A64017 /* DPTLibTest */,
			);
		};
/* End PBXProject section */

/* Begin PBXSourcesBuildPhase section */
		55513748165456FA007F3565 /* Sources */ = {
			isa = PBXSourcesBuildPhase;
			buildActionMask = 2147483647;
			files = (
				55E558CB1A34F2AC001FB51F /* set.c in Sources */,
				55E558D01A34F2B3001FB51F /* lookup-node.c in Sources */,
				55513846165463EB007F3565 /* log2bpp.c in Sources */,
				556DE20B1A49983C009BBE63 /* ensure.c in Sources */,
				55E558C11A34F2AC001FB51F /* count.c in Sources */,
				55E558C31A34F2AC001FB51F /* destroy.c in Sources */,
				55E558121A338F87001FB51F /* umull-fxp16.c in Sources */,
				55E055FC1CA49C3A0036BDDE /* composite.c in Sources */,
				55E5591B1A35004E001FB51F /* delete.c in Sources */,
				55E558061A337785001FB51F /* rev-s-pair-m.c in Sources */,
				5563C4521BAACF3200CD1461 /* reset.c in Sources */,
				55E557F31A3362D1001FB51F /* bsearch-short.c in Sources */,
				55CDA5881F49084C006FC753 /* bitfifo.c in Sources */,
				55E558C01A34F2AC001FB51F /* clear.c in Sources */,
				55E558F51A34F2CA001FB51F /* prev-sibling.c in Sources */,
				55E558C51A34F2AC001FB51F /* eq.c in Sources */,
				55F7E0371A391AA800A64017 /* txtscr.c in Sources */,
				55E558E51A34F2CA001FB51F /* delete.c in Sources */,
				55E558081A337785001FB51F /* rev-s.c in Sources */,
				55E558E41A34F2CA001FB51F /* copy.c in Sources */,
				55E558D71A34F2BB001FB51F /* free.c in Sources */,
				55E5581D1A3492AB001FB51F /* gcd.c in Sources */,
				55E558FA1A34F2D0001FB51F /* create.c in Sources */,
				55E558FD1A34F2D0001FB51F /* length.c in Sources */,
				55E558F81A34F2CA001FB51F /* walk.c in Sources */,
				55E558CE1A34F2B3001FB51F /* destroy.c in Sources */,
				55E558DE1A34F2BB001FB51F /* to-array.c in Sources */,
				55E558FE1A34F2D0001FB51F /* set-length.c in Sources */,
				55F7E0251A38E38100A64017 /* round4.c in Sources */,
				55E558B71A34F293001FB51F /* delete.c in Sources */,
				55E558CC1A34F2AC001FB51F /* toggle.c in Sources */,
				55E558DD1A34F2BB001FB51F /* reverse.c in Sources */,
				55E558D81A34F2BB001FB51F /* length.c in Sources */,
				55E558B31A34F281001FB51F /* stretch.c in Sources */,
				55E558171A3489BC001FB51F /* primes.c in Sources */,
				55E558C61A34F2AC001FB51F /* get.c in Sources */,
				55E558BC1A34F293001FB51F /* set.c in Sources */,
				55E558D51A34F2BB001FB51F /* append.c in Sources */,
				55E558AF1A34F281001FB51F /* delelems.c in Sources */,
				55E558C91A34F2AC001FB51F /* or.c in Sources */,
				55E559191A350047001FB51F /* digest-db.c in Sources */,
				55E558EE1A34F2CA001FB51F /* max-height.c in Sources */,
				55E558F71A34F2CA001FB51F /* unlink.c in Sources */,
				55E558CA1A34F2AC001FB51F /* set-all.c in Sources */,
				55E558FF1A34F2D0001FB51F /* set-width.c in Sources */,
				55E558EC1A34F2CA001FB51F /* insert.c in Sources */,
				55513849165463EB007F3565 /* stream-mem.c in Sources */,
				55E558F31A34F2CA001FB51F /* parent.c in Sources */,
				55E558ED1A34F2CA001FB51F /* last-child.c in Sources */,
				55E558BF1A34F2AC001FB51F /* clear-all.c in Sources */,
				55F7E0261A38E38100A64017 /* union.c in Sources */,
				55E558D91A34F2BB001FB51F /* list.c in Sources */,
				55E558F91A34F2D0001FB51F /* clear.c in Sources */,
				55E558F11A34F2CA001FB51F /* next-sibling.c in Sources */,
				55F7E01E1A38E38100A64017 /* contains-point.c in Sources */,
				55E558D21A34F2B3001FB51F /* remove.c in Sources */,
				55E558D61A34F2BB001FB51F /* copy.c in Sources */,
				55E558BA1A34F293001FB51F /* get.c in Sources */,
				5551384A165463EB007F3565 /* stream-stdio.c in Sources */,
				55E558F61A34F2CA001FB51F /* set-data.c in Sources */,
				55E558DC1A34F2BB001FB51F /* push.c in Sources */,
				55E557F21A3362D1001FB51F /* bsearch-int.c in Sources */,
				55E558FC1A34F2D0001FB51F /* get.c in Sources */,
				55F7E0221A38E38100A64017 /* intersects.c in Sources */,
				55E558E71A34F2CA001FB51F /* first-child.c in Sources */,
				55F7E0211A38E38100A64017 /* intersection.c in Sources */,
				55E558051A337785001FB51F /* rev-s-m.c in Sources */,
				55E558F41A34F2CA001FB51F /* prepend.c in Sources */,
				55E559261A3A60E5001FB51F /* layout.c in Sources */,
				55E558B61A34F293001FB51F /* delete-block.c in Sources */,
				55E558C81A34F2AC001FB51F /* next.c in Sources */,
				55E559201A350051001FB51F /* tag-db.c in Sources */,
				55E557F41A3362D1001FB51F /* bsearch-uint.c in Sources */,
				556DE20D1A49A1FB009BBE63 /* insert.c in Sources */,
				55E558FB1A34F2D0001FB51F /* destroy.c in Sources */,
				55E558C71A34F2AC001FB51F /* length.c in Sources */,
				55E558F01A34F2CA001FB51F /* new.c in Sources */,
				55E558B21A34F281001FB51F /* squeeze.c in Sources */,
				55E558041A337785001FB51F /* rev-s-block.c in Sources */,
				55E558D11A34F2B3001FB51F /* lookup.c in Sources */,
				55E558D41A34F2B3001FB51F /* walk.c in Sources */,
				55511B4F1A40F4CD00D572A7 /* stream-packbitsdecomp.c in Sources */,
				55E558CF1A34F2B3001FB51F /* insert.c in Sources */,
				55E558DF1A34F2C3001FB51F /* add-head.c in Sources */,
				55B22A231A4063000022ED84 /* barith.c in Sources */,
				55E558B91A34F293001FB51F /* for-block.c in Sources */,
				55511B4D1A40F4CD00D572A7 /* stream-mtfcomp.c in Sources */,
				55F7E0241A38E38100A64017 /* round.c in Sources */,
				55E558E81A34F2CA001FB51F /* free.c in Sources */,
				55F7E0011A379C9300A64017 /* unpickle.c in Sources */,
				55E5591C1A35004E001FB51F /* hash-reader.c in Sources */,
				55E5695E1DA19B70002F5E0B /* cache.c in Sources */,
				5551384B165463EB007F3565 /* stream.c in Sources */,
				55E558C21A34F2AC001FB51F /* create.c in Sources */,
				55DC56271A61C952003A2985 /* set.c in Sources */,
				55E558E31A34F2C3001FB51F /* walk.c in Sources */,
				55F7E0231A38E38100A64017 /* is-empty.c in Sources */,
				55E558011A337785001FB51F /* rev-l-block.c in Sources */,
				55511B4E1A40F4CD00D572A7 /* stream-packbitscomp.c in Sources */,
				55E558E91A34F2CA001FB51F /* get-data.c in Sources */,
				55513862165463EB007F3565 /* grow.c in Sources */,
				55E558E21A34F2C3001FB51F /* remove.c in Sources */,
				55E558BE1A34F2AC001FB51F /* and.c in Sources */,
				55E558AE1A34F281001FB51F /* delelem.c in Sources */,
				55E5591D1A35004E001FB51F /* hash-writer.c in Sources */,
				55E558EF1A34F2CA001FB51F /* n-nodes.c in Sources */,
				55E558071A337785001FB51F /* rev-s-pair.c in Sources */,
				55F7E01F1A38E38100A64017 /* could-hold.c in Sources */,
				55513863165463EB007F3565 /* shrink.c in Sources */,
				55E557F51A3362D1001FB51F /* bsearch-ushort.c in Sources */,
				55E558031A337785001FB51F /* rev-l.c in Sources */,
				55E558BD1A34F29F001FB51F /* count.c in Sources */,
				55E558E61A34F2CA001FB51F /* depth.c in Sources */,
				55E558E01A34F2C3001FB51F /* find.c in Sources */,
				55E5591A1A350049001FB51F /* filename-db.c in Sources */,
				55E558C41A34F2AC001FB51F /* ensure.c in Sources */,
				55E558BB1A34F293001FB51F /* new.c in Sources */,
				55F7E0201A38E38100A64017 /* grow.c in Sources */,
				55E558E11A34F2C3001FB51F /* init.c in Sources */,
				55E558111A338F83001FB51F /* smull-fxp16.c in Sources */,
				55E558DA1A34F2BB001FB51F /* map.c in Sources */,
				55E558EB1A34F2CA001FB51F /* insert-before.c in Sources */,
				55513865165463EB007F3565 /* pack.c in Sources */,
				55EC240E1B62EB8E00AD9D28 /* count.c in Sources */,
				55E558B81A34F293001FB51F /* destroy.c in Sources */,
				55F7E01D1A38E38100A64017 /* contains-box.c in Sources */,
				55E558EA1A34F2CA001FB51F /* insert-after.c in Sources */,
				55E569611DA19C27002F5E0B /* cache-test.c in Sources */,
				55E5581C1A3492A8001FB51F /* degs-to-rads.c in Sources */,
				55F7E0001A3797F600A64017 /* pickle.c in Sources */,
				55E558B51A34F293001FB51F /* create.c in Sources */,
				55E558DB1A34F2BB001FB51F /* pop.c in Sources */,
				55E558CD1A34F2B3001FB51F /* create.c in Sources */,
				55E559001A34F2D0001FB51F /* width.c in Sources */,
				55E558021A337785001FB51F /* rev-l-m.c in Sources */,
				55E558D31A34F2B3001FB51F /* walk-cont.c in Sources */,
				55513866165463EB007F3565 /* unpack.c in Sources */,
				55E558F21A34F2CA001FB51F /* nth-child.c in Sources */,
				55F7E02E1A39183300A64017 /* packer.c in Sources */,
			);
			runOnlyForDeploymentPostprocessing = 0;
		};
		55F7DFE51A373E9000A64017 /* Sources */ = {
			isa = PBXSourcesBuildPhase;
			buildActionMask = 2147483647;
			files = (
				55E559281A3A60EF001FB51F /* layout-test.c in Sources */,
				55511B491A40F49000D572A7 /* stream-test.c in Sources */,
				555E85B61A840E4D00BBC66C /* bsearch-test.c in Sources */,
				55F7DFF71A373F2C00A64017 /* atom-test.c in Sources */,
				55F7E0381A391B4F00A64017 /* packer-test.c in Sources */,
				55F7E0031A37A04100A64017 /* pickle-test.c in Sources */,
				55F7DFFD1A373FB800A64017 /* vector-test.c in Sources */,
				55DC56221A5DB44E003A2985 /* main.c in Sources */,
				55F7DFF91A373F5F00A64017 /* bitvec-test.c in Sources */,
				55F7DFFB1A373F8D00A64017 /* list-test.c in Sources */,
				55F7E0021A37A03D00A64017 /* tag-db-test.c in Sources */,
				55F7DFFC1A373F9F00A64017 /* ntree-test.c in Sources */,
				55F7DFF81A373F3E00A64017 /* bitarr-test.c in Sources */,
				55F7DFF61A373F1400A64017 /* array-test.c in Sources */,
				55F7DFFA1A373F7200A64017 /* hash-test.c in Sources */,
				55CDA58C1F49093A006FC753 /* bitfifo-test.c in Sources */,
			);
			runOnlyForDeploymentPostprocessing = 0;
		};
/* End PBXSourcesBuildPhase section */

/* Begin PBXTargetDependency section */
		55F7DFF31A373E9C00A64017 /* PBXTargetDependency */ = {
			isa = PBXTargetDependency;
			target = 5551374B165456FA007F3565 /* DPTLib */;
			targetProxy = 55F7DFF21A373E9C00A64017 /* PBXContainerItemProxy */;
		};
/* End PBXTargetDependency section */

/* Begin XCBuildConfiguration section */
		5551374E165456FA007F3565 /* Debug */ = {
			isa = XCBuildConfiguration;
			buildSettings = {
				ALWAYS_SEARCH_USER_PATHS = NO;
				CLANG_CXX_LIBRARY = "libc++";
				CLANG_ENABLE_MODULES = YES;
				CLANG_MODULES_AUTOLINK = YES;
				CLANG_WARN_DOCUMENTATION_COMMENTS = YES;
				CLANG_WARN_EMPTY_BODY = YES;
				CLANG_WARN_IMPLICIT_SIGN_CONVERSION = NO;
				CLANG_WARN_INFINITE_RECURSION = YES;
				CLANG_WARN_SUSPICIOUS_IMPLICIT_CONVERSION = YES;
				CLANG_WARN_SUSPICIOUS_MOVE = YES;
				CLANG_WARN_UNREACHABLE_CODE = YES;
				CLANG_WARN__DUPLICATE_METHOD_MATCH = YES;
				COPY_PHASE_STRIP = NO;
				ENABLE_STRICT_OBJC_MSGSEND = YES;
				ENABLE_TESTABILITY = YES;
				GCC_DYNAMIC_NO_PIC = NO;
				GCC_ENABLE_OBJC_EXCEPTIONS = YES;
				GCC_NO_COMMON_BLOCKS = YES;
				GCC_OPTIMIZATION_LEVEL = 0;
				GCC_PREPROCESSOR_DEFINITIONS = (
					"DEBUG=1",
					"$(inherited)",
				);
				GCC_SYMBOLS_PRIVATE_EXTERN = NO;
				GCC_TREAT_IMPLICIT_FUNCTION_DECLARATIONS_AS_ERRORS = YES;
				GCC_TREAT_INCOMPATIBLE_POINTER_TYPE_WARNINGS_AS_ERRORS = YES;
				GCC_WARN_64_TO_32_BIT_CONVERSION = YES;
				GCC_WARN_ABOUT_MISSING_FIELD_INITIALIZERS = YES;
				GCC_WARN_ABOUT_MISSING_NEWLINE = YES;
				GCC_WARN_ABOUT_MISSING_PROTOTYPES = YES;
				GCC_WARN_ABOUT_RETURN_TYPE = YES;
				GCC_WARN_CHECK_SWITCH_STATEMENTS = YES;
				GCC_WARN_FOUR_CHARACTER_CONSTANTS = YES;
				GCC_WARN_INITIALIZER_NOT_FULLY_BRACKETED = YES;
				GCC_WARN_SHADOW = YES;
				GCC_WARN_SIGN_COMPARE = YES;
				GCC_WARN_UNDECLARED_SELECTOR = YES;
				GCC_WARN_UNINITIALIZED_AUTOS = YES;
				GCC_WARN_UNKNOWN_PRAGMAS = YES;
				GCC_WARN_UNUSED_FUNCTION = YES;
				GCC_WARN_UNUSED_PARAMETER = YES;
				GCC_WARN_UNUSED_VARIABLE = YES;
				HEADER_SEARCH_PATHS = (
					"\"$(SRCROOT)/../../include\"",
					"\"$(SRCROOT)/../../libraries\"",
				);
				MACOSX_DEPLOYMENT_TARGET = 10.12;
				ONLY_ACTIVE_ARCH = YES;
				OTHER_CFLAGS = "-DUSE_ARRAY_GROW";
				PUBLIC_HEADERS_FOLDER_PATH = "include/$(TARGET_NAME)";
				RUN_CLANG_STATIC_ANALYZER = NO;
				SDKROOT = macosx;
				USE_HEADERMAP = NO;
			};
			name = Debug;
		};
		5551374F165456FA007F3565 /* Release */ = {
			isa = XCBuildConfiguration;
			buildSettings = {
				ALWAYS_SEARCH_USER_PATHS = NO;
				CLANG_CXX_LIBRARY = "libc++";
				CLANG_ENABLE_MODULES = YES;
				CLANG_MODULES_AUTOLINK = YES;
				CLANG_WARN_DOCUMENTATION_COMMENTS = YES;
				CLANG_WARN_EMPTY_BODY = YES;
				CLANG_WARN_IMPLICIT_SIGN_CONVERSION = NO;
				CLANG_WARN_INFINITE_RECURSION = YES;
				CLANG_WARN_SUSPICIOUS_IMPLICIT_CONVERSION = YES;
				CLANG_WARN_SUSPICIOUS_MOVE = YES;
				CLANG_WARN_UNREACHABLE_CODE = YES;
				CLANG_WARN__DUPLICATE_METHOD_MATCH = YES;
				COPY_PHASE_STRIP = YES;
				DEBUG_INFORMATION_FORMAT = "dwarf-with-dsym";
				ENABLE_STRICT_OBJC_MSGSEND = YES;
				GCC_ENABLE_OBJC_EXCEPTIONS = YES;
				GCC_NO_COMMON_BLOCKS = YES;
				GCC_TREAT_IMPLICIT_FUNCTION_DECLARATIONS_AS_ERRORS = YES;
				GCC_TREAT_INCOMPATIBLE_POINTER_TYPE_WARNINGS_AS_ERRORS = YES;
				GCC_WARN_64_TO_32_BIT_CONVERSION = YES;
				GCC_WARN_ABOUT_MISSING_FIELD_INITIALIZERS = YES;
				GCC_WARN_ABOUT_MISSING_NEWLINE = YES;
				GCC_WARN_ABOUT_MISSING_PROTOTYPES = YES;
				GCC_WARN_ABOUT_RETURN_TYPE = YES;
				GCC_WARN_CHECK_SWITCH_STATEMENTS = YES;
				GCC_WARN_FOUR_CHARACTER_CONSTANTS = YES;
				GCC_WARN_INITIALIZER_NOT_FULLY_BRACKETED = YES;
				GCC_WARN_SHADOW = YES;
				GCC_WARN_SIGN_COMPARE = YES;
				GCC_WARN_UNDECLARED_SELECTOR = YES;
				GCC_WARN_UNINITIALIZED_AUTOS = YES;
				GCC_WARN_UNKNOWN_PRAGMAS = YES;
				GCC_WARN_UNUSED_FUNCTION = YES;
				GCC_WARN_UNUSED_PARAMETER = YES;
				GCC_WARN_UNUSED_VARIABLE = YES;
				HEADER_SEARCH_PATHS = (
					"\"$(SRCROOT)/../../include\"",
					"\"$(SRCROOT)/../../libraries\"",
				);
				MACOSX_DEPLOYMENT_TARGET = 10.12;
				OTHER_CFLAGS = "-DUSE_ARRAY_GROW";
				PUBLIC_HEADERS_FOLDER_PATH = "include/$(TARGET_NAME)";
				RUN_CLANG_STATIC_ANALYZER = NO;
				SDKROOT = macosx;
				USE_HEADERMAP = NO;
			};
			name = Release;
		};
		55513751165456FA007F3565 /* Debug */ = {
			isa = XCBuildConfiguration;
			buildSettings = {
				COMBINE_HIDPI_IMAGES = YES;
				EXECUTABLE_PREFIX = lib;
				PRODUCT_NAME = "$(TARGET_NAME)";
			};
			name = Debug;
		};
		55513752165456FA007F3565 /* Release */ = {
			isa = XCBuildConfiguration;
			buildSettings = {
				COMBINE_HIDPI_IMAGES = YES;
				EXECUTABLE_PREFIX = lib;
				PRODUCT_NAME = "$(TARGET_NAME)";
			};
			name = Release;
		};
		55F7DFEF1A373E9000A64017 /* Debug */ = {
			isa = XCBuildConfiguration;
			buildSettings = {
				CLANG_ENABLE_OBJC_ARC = YES;
				CLANG_WARN_BOOL_CONVERSION = YES;
				CLANG_WARN_CONSTANT_CONVERSION = YES;
				CLANG_WARN_DIRECT_OBJC_ISA_USAGE = YES_ERROR;
				CLANG_WARN_ENUM_CONVERSION = YES;
				CLANG_WARN_INT_CONVERSION = YES;
				CLANG_WARN_OBJC_ROOT_CLASS = YES_ERROR;
				GCC_C_LANGUAGE_STANDARD = gnu99;
				GCC_PREPROCESSOR_DEFINITIONS = (
					"DEBUG=1",
					"$(inherited)",
				);
				GCC_WARN_ABOUT_RETURN_TYPE = YES_ERROR;
				GCC_WARN_UNDECLARED_SELECTOR = YES;
				GCC_WARN_UNINITIALIZED_AUTOS = YES_AGGRESSIVE;
				PRODUCT_NAME = "$(TARGET_NAME)";
			};
			name = Debug;
		};
		55F7DFF01A373E9000A64017 /* Release */ = {
			isa = XCBuildConfiguration;
			buildSettings = {
				CLANG_ENABLE_OBJC_ARC = YES;
				CLANG_WARN_BOOL_CONVERSION = YES;
				CLANG_WARN_CONSTANT_CONVERSION = YES;
				CLANG_WARN_DIRECT_OBJC_ISA_USAGE = YES_ERROR;
				CLANG_WARN_ENUM_CONVERSION = YES;
				CLANG_WARN_INT_CONVERSION = YES;
				CLANG_WARN_OBJC_ROOT_CLASS = YES_ERROR;
				ENABLE_NS_ASSERTIONS = NO;
				GCC_C_LANGUAGE_STANDARD = gnu99;
				GCC_WARN_ABOUT_RETURN_TYPE = YES_ERROR;
				GCC_WARN_UNDECLARED_SELECTOR = YES;
				GCC_WARN_UNINITIALIZED_AUTOS = YES_AGGRESSIVE;
				PRODUCT_NAME = "$(TARGET_NAME)";
			};
			name = Release;
		};
/* End XCBuildConfiguration section */

/* Begin XCConfigurationList section */
		55513746165456FA007F3565 /* Build configuration list for PBXProject "DPTLib" */ = {
			isa = XCConfigurationList;
			buildConfigurations = (
				5551374E165456FA007F3565 /* Debug */,
				5551374F165456FA007F3565 /* Release */,
			);
			defaultConfigurationIsVisible = 0;
			defaultConfigurationName = Release;
		};
		55513750165456FA007F3565 /* Build configuration list for PBXNativeTarget "DPTLib" */ = {
			isa = XCConfigurationList;
			buildConfigurations = (
				55513751165456FA007F3565 /* Debug */,
				55513752165456FA007F3565 /* Release */,
			);
			defaultConfigurationIsVisible = 0;
			defaultConfigurationName = Release;
		};
		55F7DFF11A373E9000A64017 /* Build configuration list for PBXNativeTarget "DPTLibTest" */ = {
			isa = XCConfigurationList;
			buildConfigurations = (
				55F7DFEF1A373E9000A64017 /* Debug */,
				55F7DFF01A373E9000A64017 /* Release */,
			);
			defaultConfigurationIsVisible = 0;
			defaultConfigurationName = Release;
		};
/* End XCConfigurationList section */
	};
	rootObject = 55513743165456FA007F3565 /* Project object */;
}
